// !$*UTF8*$!
{
	archiveVersion = 1;
	classes = {
	};
	objectVersion = 46;
	objects = {

/* Begin PBXBuildFile section */
		21925C0FD999D7F08613D103 /* Pods_SeeMoney.framework in Frameworks */ = {isa = PBXBuildFile; fileRef = 00E654EE85FAD8C6C279B019 /* Pods_SeeMoney.framework */; };
		A50288931D6D54690086CD80 /* LoginViewController.swift in Sources */ = {isa = PBXBuildFile; fileRef = A50288921D6D54690086CD80 /* LoginViewController.swift */; };
		A50288951D6D54740086CD80 /* RegisterViewController.swift in Sources */ = {isa = PBXBuildFile; fileRef = A50288941D6D54740086CD80 /* RegisterViewController.swift */; };
		A50288971D6D80E20086CD80 /* DXNavgationBar.swift in Sources */ = {isa = PBXBuildFile; fileRef = A50288961D6D80E20086CD80 /* DXNavgationBar.swift */; };
		A50E682F1D76AF8000891625 /* SMError.swift in Sources */ = {isa = PBXBuildFile; fileRef = A50E682E1D76AF8000891625 /* SMError.swift */; };
		A50E68321D76C1D700891625 /* OpenRedBagViewController.swift in Sources */ = {isa = PBXBuildFile; fileRef = A50E68311D76C1D700891625 /* OpenRedBagViewController.swift */; };
		A50E68351D76C1F000891625 /* RedBagDetailViewController.swift in Sources */ = {isa = PBXBuildFile; fileRef = A50E68341D76C1F000891625 /* RedBagDetailViewController.swift */; };
		A50E68371D76C59D00891625 /* RedBagHeaderView.swift in Sources */ = {isa = PBXBuildFile; fileRef = A50E68361D76C59D00891625 /* RedBagHeaderView.swift */; };
		A50F0F271D658A3D003907F7 /* AppDelegate.swift in Sources */ = {isa = PBXBuildFile; fileRef = A50F0F261D658A3D003907F7 /* AppDelegate.swift */; };
		A50F0F291D658A3D003907F7 /* ViewController.swift in Sources */ = {isa = PBXBuildFile; fileRef = A50F0F281D658A3D003907F7 /* ViewController.swift */; };
		A50F0F2C1D658A3D003907F7 /* Main.storyboard in Resources */ = {isa = PBXBuildFile; fileRef = A50F0F2A1D658A3D003907F7 /* Main.storyboard */; };
		A50F0F2E1D658A3D003907F7 /* Assets.xcassets in Resources */ = {isa = PBXBuildFile; fileRef = A50F0F2D1D658A3D003907F7 /* Assets.xcassets */; };
		A50F0F311D658A3D003907F7 /* LaunchScreen.storyboard in Resources */ = {isa = PBXBuildFile; fileRef = A50F0F2F1D658A3D003907F7 /* LaunchScreen.storyboard */; };
		A50F0F3C1D658A3D003907F7 /* SeeMoneyTests.swift in Sources */ = {isa = PBXBuildFile; fileRef = A50F0F3B1D658A3D003907F7 /* SeeMoneyTests.swift */; };
		A50F0F471D658A3D003907F7 /* SeeMoneyUITests.swift in Sources */ = {isa = PBXBuildFile; fileRef = A50F0F461D658A3D003907F7 /* SeeMoneyUITests.swift */; };
		A50F0F641D65912D003907F7 /* RemoteSever.swift in Sources */ = {isa = PBXBuildFile; fileRef = A50F0F631D65912D003907F7 /* RemoteSever.swift */; };
		A50F0F661D6593C0003907F7 /* Commenddefine.swift in Sources */ = {isa = PBXBuildFile; fileRef = A50F0F651D6593C0003907F7 /* Commenddefine.swift */; };
		A50F0F681D659644003907F7 /* MapKit.framework in Frameworks */ = {isa = PBXBuildFile; fileRef = A50F0F671D659644003907F7 /* MapKit.framework */; };
		A50F0F6C1D659697003907F7 /* MainMapViewController.swift in Sources */ = {isa = PBXBuildFile; fileRef = A50F0F6B1D659697003907F7 /* MainMapViewController.swift */; };
		A50F0FAD1D65ABD0003907F7 /* DXNetWorkTool.swift in Sources */ = {isa = PBXBuildFile; fileRef = A50F0FAC1D65ABD0003907F7 /* DXNetWorkTool.swift */; };
		A513F5431D7824140001EAE8 /* RedBgView.swift in Sources */ = {isa = PBXBuildFile; fileRef = A513F5421D7824140001EAE8 /* RedBgView.swift */; };
		A513F5451D78268D0001EAE8 /* RedBgView.xib in Resources */ = {isa = PBXBuildFile; fileRef = A513F5441D78268D0001EAE8 /* RedBgView.xib */; };
		A5199DDC1DE696CD002DE684 /* ToolListViewController.swift in Sources */ = {isa = PBXBuildFile; fileRef = A5199DDB1DE696CD002DE684 /* ToolListViewController.swift */; };
		A51B96951DE5451A006E57FC /* ToolModel.swift in Sources */ = {isa = PBXBuildFile; fileRef = A51B96941DE5451A006E57FC /* ToolModel.swift */; };
		A51B96971DE5453A006E57FC /* ToolManager.swift in Sources */ = {isa = PBXBuildFile; fileRef = A51B96961DE5453A006E57FC /* ToolManager.swift */; };
		A51C199A1E0BC44D001AE174 /* SlideBtn.swift in Sources */ = {isa = PBXBuildFile; fileRef = A51C19991E0BC44D001AE174 /* SlideBtn.swift */; };
		A51EB2881DBF48AE007E25B2 /* jpush-ios-2.2.0.a in Frameworks */ = {isa = PBXBuildFile; fileRef = A51EB2861DBF48AE007E25B2 /* jpush-ios-2.2.0.a */; };
		A51EB28A1DBF48DF007E25B2 /* CFNetwork.framework in Frameworks */ = {isa = PBXBuildFile; fileRef = A51EB2891DBF48DF007E25B2 /* CFNetwork.framework */; };
		A51EB28C1DBF48E7007E25B2 /* CoreFoundation.framework in Frameworks */ = {isa = PBXBuildFile; fileRef = A51EB28B1DBF48E7007E25B2 /* CoreFoundation.framework */; };
		A51EB28E1DBF48F2007E25B2 /* CoreTelephony.framework in Frameworks */ = {isa = PBXBuildFile; fileRef = A51EB28D1DBF48F2007E25B2 /* CoreTelephony.framework */; };
		A51EB2901DBF48FA007E25B2 /* SystemConfiguration.framework in Frameworks */ = {isa = PBXBuildFile; fileRef = A51EB28F1DBF48FA007E25B2 /* SystemConfiguration.framework */; };
		A51EB2921DBF5659007E25B2 /* CoreGraphics.framework in Frameworks */ = {isa = PBXBuildFile; fileRef = A51EB2911DBF5659007E25B2 /* CoreGraphics.framework */; };
		A51EB2941DBF5661007E25B2 /* Security.framework in Frameworks */ = {isa = PBXBuildFile; fileRef = A51EB2931DBF5661007E25B2 /* Security.framework */; };
		A51EB2961DBF5676007E25B2 /* UserNotifications.framework in Frameworks */ = {isa = PBXBuildFile; fileRef = A51EB2951DBF5676007E25B2 /* UserNotifications.framework */; settings = {ATTRIBUTES = (Weak, ); }; };
		A51EB2991DBF6BAC007E25B2 /* libresolv.tbd in Frameworks */ = {isa = PBXBuildFile; fileRef = A51EB2981DBF6BAC007E25B2 /* libresolv.tbd */; };
		A51EB29B1DBF6BE4007E25B2 /* libz.tbd in Frameworks */ = {isa = PBXBuildFile; fileRef = A51EB29A1DBF6BE4007E25B2 /* libz.tbd */; };
		A51EE3001E30C7F0003AEF06 /* AlipaySDK.bundle in Resources */ = {isa = PBXBuildFile; fileRef = A51EE2DF1E30C7F0003AEF06 /* AlipaySDK.bundle */; };
		A51EE3011E30C7F0003AEF06 /* AlipaySDK.framework in Frameworks */ = {isa = PBXBuildFile; fileRef = A51EE2E01E30C7F0003AEF06 /* AlipaySDK.framework */; };
		A51EE3021E30C7F0003AEF06 /* libAli_Adapter.a in Frameworks */ = {isa = PBXBuildFile; fileRef = A51EE2E11E30C7F0003AEF06 /* libAli_Adapter.a */; };
		A51EE3031E30C7F0003AEF06 /* libApplePay_Adapter.a in Frameworks */ = {isa = PBXBuildFile; fileRef = A51EE2E31E30C7F0003AEF06 /* libApplePay_Adapter.a */; };
		A51EE3041E30C7F0003AEF06 /* libUPAPayPlugin.a in Frameworks */ = {isa = PBXBuildFile; fileRef = A51EE2E41E30C7F0003AEF06 /* libUPAPayPlugin.a */; };
		A51EE3051E30C7F0003AEF06 /* libFenQiPay.a in Frameworks */ = {isa = PBXBuildFile; fileRef = A51EE2E81E30C7F0003AEF06 /* libFenQiPay.a */; };
		A51EE3061E30C7F0003AEF06 /* libJDPay_Adapter.a in Frameworks */ = {isa = PBXBuildFile; fileRef = A51EE2EA1E30C7F0003AEF06 /* libJDPay_Adapter.a */; };
		A51EE3071E30C7F0003AEF06 /* libPaymentControl.a in Frameworks */ = {isa = PBXBuildFile; fileRef = A51EE2EF1E30C7F0003AEF06 /* libPaymentControl.a */; };
		A51EE3081E30C7F0003AEF06 /* libUP_Adapter.a in Frameworks */ = {isa = PBXBuildFile; fileRef = A51EE2F01E30C7F0003AEF06 /* libUP_Adapter.a */; };
		A51EE3091E30C7F0003AEF06 /* libWeChatSDK.a in Frameworks */ = {isa = PBXBuildFile; fileRef = A51EE2F21E30C7F0003AEF06 /* libWeChatSDK.a */; };
		A51EE30A1E30C7F0003AEF06 /* libWX_Adapter.a in Frameworks */ = {isa = PBXBuildFile; fileRef = A51EE2F31E30C7F0003AEF06 /* libWX_Adapter.a */; };
		A51EE30B1E30C7F0003AEF06 /* README.txt in Resources */ = {isa = PBXBuildFile; fileRef = A51EE2F41E30C7F0003AEF06 /* README.txt */; };
		A51EE30C1E30C7F0003AEF06 /* libYiBaoPay_Adapter.a in Frameworks */ = {isa = PBXBuildFile; fileRef = A51EE2F91E30C7F0003AEF06 /* libYiBaoPay_Adapter.a */; };
		A51EE30D1E30C7F0003AEF06 /* FuqianlaRes.bundle in Resources */ = {isa = PBXBuildFile; fileRef = A51EE2FC1E30C7F0003AEF06 /* FuqianlaRes.bundle */; };
		A51EE30E1E30C7F0003AEF06 /* libFuqianlaPay.a in Frameworks */ = {isa = PBXBuildFile; fileRef = A51EE2FD1E30C7F0003AEF06 /* libFuqianlaPay.a */; };
		A51EE30F1E30C7F0003AEF06 /* libFuqianlaSupport.a in Frameworks */ = {isa = PBXBuildFile; fileRef = A51EE2FF1E30C7F0003AEF06 /* libFuqianlaSupport.a */; };
		A51EE3111E30C809003AEF06 /* MessageUI.framework in Frameworks */ = {isa = PBXBuildFile; fileRef = A51EE3101E30C809003AEF06 /* MessageUI.framework */; };
		A51EE3131E30C812003AEF06 /* LocalAuthentication.framework in Frameworks */ = {isa = PBXBuildFile; fileRef = A51EE3121E30C812003AEF06 /* LocalAuthentication.framework */; };
		A51EE3151E30C819003AEF06 /* MobileCoreServices.framework in Frameworks */ = {isa = PBXBuildFile; fileRef = A51EE3141E30C819003AEF06 /* MobileCoreServices.framework */; };
		A51EE3171E30C823003AEF06 /* CoreMotion.framework in Frameworks */ = {isa = PBXBuildFile; fileRef = A51EE3161E30C823003AEF06 /* CoreMotion.framework */; };
		A51EE3191E30C834003AEF06 /* libsqlite3.0.tbd in Frameworks */ = {isa = PBXBuildFile; fileRef = A51EE3181E30C834003AEF06 /* libsqlite3.0.tbd */; };
		A51EE31B1E30C843003AEF06 /* libc++.tbd in Frameworks */ = {isa = PBXBuildFile; fileRef = A51EE31A1E30C843003AEF06 /* libc++.tbd */; };
		A51EE31D1E30C858003AEF06 /* PassKit.framework in Frameworks */ = {isa = PBXBuildFile; fileRef = A51EE31C1E30C858003AEF06 /* PassKit.framework */; };
		A51EE31F1E30C8D0003AEF06 /* PayManager.swift in Sources */ = {isa = PBXBuildFile; fileRef = A51EE31E1E30C8D0003AEF06 /* PayManager.swift */; };
		A520FE721E2DEF860043069A /* UILabel+ZYTool.m in Sources */ = {isa = PBXBuildFile; fileRef = A520FE711E2DEF860043069A /* UILabel+ZYTool.m */; };
		A520FE741E2E2C120043069A /* BuyTableViewCell.swift in Sources */ = {isa = PBXBuildFile; fileRef = A520FE731E2E2C120043069A /* BuyTableViewCell.swift */; };
		A52457821E34967400A449E9 /* FuqianlaPay+scheme.m in Sources */ = {isa = PBXBuildFile; fileRef = A52457811E34967400A449E9 /* FuqianlaPay+scheme.m */; };
		A52BC20C1E5D7006008B5631 /* PickInfoModel.swift in Sources */ = {isa = PBXBuildFile; fileRef = A52BC20B1E5D7006008B5631 /* PickInfoModel.swift */; };
		A52FB9831E5E864500E9F90A /* ShareSDK.framework in Frameworks */ = {isa = PBXBuildFile; fileRef = A52FB9561E5E864500E9F90A /* ShareSDK.framework */; };
		A52FB9841E5E864500E9F90A /* ShareSDKConfigFile.bundle in Resources */ = {isa = PBXBuildFile; fileRef = A52FB9591E5E864500E9F90A /* ShareSDKConfigFile.bundle */; };
		A52FB9851E5E864500E9F90A /* ShareSDKConfigFile.framework in Frameworks */ = {isa = PBXBuildFile; fileRef = A52FB95A1E5E864500E9F90A /* ShareSDKConfigFile.framework */; };
		A52FB9861E5E864500E9F90A /* ShareSDKExtension.framework in Frameworks */ = {isa = PBXBuildFile; fileRef = A52FB95B1E5E864500E9F90A /* ShareSDKExtension.framework */; };
		A52FB9871E5E864500E9F90A /* ShareSDKUI.bundle in Resources */ = {isa = PBXBuildFile; fileRef = A52FB95C1E5E864500E9F90A /* ShareSDKUI.bundle */; };
		A52FB9881E5E864500E9F90A /* ShareSDKUI.framework in Frameworks */ = {isa = PBXBuildFile; fileRef = A52FB95D1E5E864500E9F90A /* ShareSDKUI.framework */; };
		A52FB9891E5E864500E9F90A /* CopyConnector.framework in Frameworks */ = {isa = PBXBuildFile; fileRef = A52FB95F1E5E864500E9F90A /* CopyConnector.framework */; };
		A52FB98A1E5E864500E9F90A /* FacebookConnector.framework in Frameworks */ = {isa = PBXBuildFile; fileRef = A52FB9601E5E864500E9F90A /* FacebookConnector.framework */; };
		A52FB98B1E5E864500E9F90A /* MailConnector.framework in Frameworks */ = {isa = PBXBuildFile; fileRef = A52FB9611E5E864500E9F90A /* MailConnector.framework */; };
		A52FB98C1E5E864500E9F90A /* QQConnector.framework in Frameworks */ = {isa = PBXBuildFile; fileRef = A52FB9621E5E864500E9F90A /* QQConnector.framework */; };
		A52FB98D1E5E864500E9F90A /* SinaWeiboConnector.framework in Frameworks */ = {isa = PBXBuildFile; fileRef = A52FB9631E5E864500E9F90A /* SinaWeiboConnector.framework */; };
		A52FB98E1E5E864500E9F90A /* SMSConnector.framework in Frameworks */ = {isa = PBXBuildFile; fileRef = A52FB9641E5E864500E9F90A /* SMSConnector.framework */; };
		A52FB98F1E5E864500E9F90A /* WechatConnector.framework in Frameworks */ = {isa = PBXBuildFile; fileRef = A52FB9651E5E864500E9F90A /* WechatConnector.framework */; };
		A52FB9901E5E864500E9F90A /* TencentOpenAPI.framework in Frameworks */ = {isa = PBXBuildFile; fileRef = A52FB9681E5E864500E9F90A /* TencentOpenAPI.framework */; };
		A52FB9911E5E864500E9F90A /* TencentOpenApi_IOS_Bundle.bundle in Resources */ = {isa = PBXBuildFile; fileRef = A52FB9691E5E864500E9F90A /* TencentOpenApi_IOS_Bundle.bundle */; };
		A52FB9921E5E864500E9F90A /* libWeiboSDK.a in Frameworks */ = {isa = PBXBuildFile; fileRef = A52FB96B1E5E864500E9F90A /* libWeiboSDK.a */; };
		A52FB9931E5E864500E9F90A /* WeiboSDK.bundle in Resources */ = {isa = PBXBuildFile; fileRef = A52FB9751E5E864500E9F90A /* WeiboSDK.bundle */; };
		A52FB9971E5E864500E9F90A /* MOBFoundation.framework in Frameworks */ = {isa = PBXBuildFile; fileRef = A52FB9801E5E864500E9F90A /* MOBFoundation.framework */; };
		A52FB9981E5E864500E9F90A /* ShareSDK.bundle in Resources */ = {isa = PBXBuildFile; fileRef = A52FB9811E5E864500E9F90A /* ShareSDK.bundle */; };
		A52FB9991E5E864500E9F90A /* ShareSDKConnector.framework in Frameworks */ = {isa = PBXBuildFile; fileRef = A52FB9821E5E864500E9F90A /* ShareSDKConnector.framework */; };
		A52FB99B1E5E86B700E9F90A /* libicucore.tbd in Frameworks */ = {isa = PBXBuildFile; fileRef = A52FB99A1E5E86B700E9F90A /* libicucore.tbd */; };
		A52FB99D1E5E86C600E9F90A /* libstdc++.tbd in Frameworks */ = {isa = PBXBuildFile; fileRef = A52FB99C1E5E86C600E9F90A /* libstdc++.tbd */; };
		A52FB99F1E5E86CF00E9F90A /* JavaScriptCore.framework in Frameworks */ = {isa = PBXBuildFile; fileRef = A52FB99E1E5E86CF00E9F90A /* JavaScriptCore.framework */; };
		A52FB9A11E5E86D700E9F90A /* ImageIO.framework in Frameworks */ = {isa = PBXBuildFile; fileRef = A52FB9A01E5E86D700E9F90A /* ImageIO.framework */; };
		A52FB9A31E5E86E200E9F90A /* libsqlite3.tbd in Frameworks */ = {isa = PBXBuildFile; fileRef = A52FB9A21E5E86E200E9F90A /* libsqlite3.tbd */; };
		A531A5901E35FED500DEE7EE /* ChongZhiViewController.swift in Sources */ = {isa = PBXBuildFile; fileRef = A531A58F1E35FED500DEE7EE /* ChongZhiViewController.swift */; };
		A542DCD31D66FE7800AFE9C1 /* redbagModel.swift in Sources */ = {isa = PBXBuildFile; fileRef = A542DCD21D66FE7800AFE9C1 /* redbagModel.swift */; };
		A542DCD61D66FE9800AFE9C1 /* RedBagManager.swift in Sources */ = {isa = PBXBuildFile; fileRef = A542DCD51D66FE9800AFE9C1 /* RedBagManager.swift */; };
		A542DCD81D66FED400AFE9C1 /* UserModel.swift in Sources */ = {isa = PBXBuildFile; fileRef = A542DCD71D66FED400AFE9C1 /* UserModel.swift */; };
		A542DCDA1D67007B00AFE9C1 /* DXHelper.swift in Sources */ = {isa = PBXBuildFile; fileRef = A542DCD91D67007B00AFE9C1 /* DXHelper.swift */; };
		A542DCE31D67009400AFE9C1 /* UIActionSheet+Block.m in Sources */ = {isa = PBXBuildFile; fileRef = A542DCDE1D67009400AFE9C1 /* UIActionSheet+Block.m */; };
		A542DCE41D67009400AFE9C1 /* UIAlertView+Block.m in Sources */ = {isa = PBXBuildFile; fileRef = A542DCE01D67009400AFE9C1 /* UIAlertView+Block.m */; };
		A542DCE51D67009400AFE9C1 /* DMAlertAction.m in Sources */ = {isa = PBXBuildFile; fileRef = A542DCE21D67009400AFE9C1 /* DMAlertAction.m */; };
		A542DCEA1D6700F500AFE9C1 /* SlideViewController.swift in Sources */ = {isa = PBXBuildFile; fileRef = A542DCE91D6700F500AFE9C1 /* SlideViewController.swift */; };
		A542DCEC1D67010500AFE9C1 /* SettingViewController.swift in Sources */ = {isa = PBXBuildFile; fileRef = A542DCEB1D67010500AFE9C1 /* SettingViewController.swift */; };
		A542DCEE1D67010F00AFE9C1 /* MoneyViewController.swift in Sources */ = {isa = PBXBuildFile; fileRef = A542DCED1D67010F00AFE9C1 /* MoneyViewController.swift */; };
		A5630A361D6AEFF300CB95DC /* redbg2.png in Resources */ = {isa = PBXBuildFile; fileRef = A5630A351D6AEFF300CB95DC /* redbg2.png */; };
		A5630A3B1D6B03B100CB95DC /* AudioToolbox.framework in Frameworks */ = {isa = PBXBuildFile; fileRef = A5630A3A1D6B03B100CB95DC /* AudioToolbox.framework */; };
		A56388EC1D66B7630008A8C2 /* DxDeveiceCommon.swift in Sources */ = {isa = PBXBuildFile; fileRef = A56388EB1D66B7630008A8C2 /* DxDeveiceCommon.swift */; };
		A56388EE1D66DF290008A8C2 /* MapManager.swift in Sources */ = {isa = PBXBuildFile; fileRef = A56388ED1D66DF290008A8C2 /* MapManager.swift */; };
		A570A17A1E11094E00D0FDCE /* MyToolViewController.swift in Sources */ = {isa = PBXBuildFile; fileRef = A570A1791E11094E00D0FDCE /* MyToolViewController.swift */; };
		A570A17D1E11096D00D0FDCE /* AboutViewController.swift in Sources */ = {isa = PBXBuildFile; fileRef = A570A17C1E11096D00D0FDCE /* AboutViewController.swift */; };
		A570A1821E1109BA00D0FDCE /* SendRedBagViewController.swift in Sources */ = {isa = PBXBuildFile; fileRef = A570A1811E1109BA00D0FDCE /* SendRedBagViewController.swift */; };
		A571FED61E49B47800750AFF /* DXRadarView.swift in Sources */ = {isa = PBXBuildFile; fileRef = A571FED51E49B47800750AFF /* DXRadarView.swift */; };
		A5827B0D1D6C2C3000693921 /* DXSlideViewController.swift in Sources */ = {isa = PBXBuildFile; fileRef = A5827B0C1D6C2C3000693921 /* DXSlideViewController.swift */; };
		A5827B0F1D6C3F6900693921 /* MainNavViewController.swift in Sources */ = {isa = PBXBuildFile; fileRef = A5827B0E1D6C3F6900693921 /* MainNavViewController.swift */; };
		A5827B111D6C497900693921 /* UserManager.swift in Sources */ = {isa = PBXBuildFile; fileRef = A5827B101D6C497900693921 /* UserManager.swift */; };
		A5891D251E309B77008B7858 /* PayMoneyViewController.swift in Sources */ = {isa = PBXBuildFile; fileRef = A5891D241E309B77008B7858 /* PayMoneyViewController.swift */; };
		A5891D271E309BE3008B7858 /* PayWayTableViewCell.swift in Sources */ = {isa = PBXBuildFile; fileRef = A5891D261E309BE3008B7858 /* PayWayTableViewCell.swift */; };
		A592C34A1E1263C100E75525 /* MyToolCollectionViewCell.xib in Resources */ = {isa = PBXBuildFile; fileRef = A592C3481E1263C100E75525 /* MyToolCollectionViewCell.xib */; };
		A592C34C1E12657600E75525 /* MyToolCollectionViewCell.swift in Sources */ = {isa = PBXBuildFile; fileRef = A592C34B1E12657600E75525 /* MyToolCollectionViewCell.swift */; };
		A592C34F1E127C1F00E75525 /* MyToolOneCollectionViewCell.swift in Sources */ = {isa = PBXBuildFile; fileRef = A592C34D1E127C1F00E75525 /* MyToolOneCollectionViewCell.swift */; };
		A592C3501E127C1F00E75525 /* MyToolOneCollectionViewCell.xib in Resources */ = {isa = PBXBuildFile; fileRef = A592C34E1E127C1F00E75525 /* MyToolOneCollectionViewCell.xib */; };
		A59BFC761E09397F00FC39D5 /* DXNewSlideViewController.swift in Sources */ = {isa = PBXBuildFile; fileRef = A59BFC751E09397F00FC39D5 /* DXNewSlideViewController.swift */; };
		A59F10E01DC051B60023832D /* NotManager.m in Sources */ = {isa = PBXBuildFile; fileRef = A59F10DF1DC051B60023832D /* NotManager.m */; };
		A5EB9CA31E2C66CF00269344 /* SendBagTableViewController.swift in Sources */ = {isa = PBXBuildFile; fileRef = A5EB9CA21E2C66CF00269344 /* SendBagTableViewController.swift */; };
		A5EB9CA51E2C7A9400269344 /* BagNumTableViewCell.swift in Sources */ = {isa = PBXBuildFile; fileRef = A5EB9CA41E2C7A9400269344 /* BagNumTableViewCell.swift */; };
		A5EB9CA71E2C7AA300269344 /* BagDesTableViewCell.swift in Sources */ = {isa = PBXBuildFile; fileRef = A5EB9CA61E2C7AA300269344 /* BagDesTableViewCell.swift */; };
		A5EB9CA91E2C7ABD00269344 /* BagWayTableViewCell.swift in Sources */ = {isa = PBXBuildFile; fileRef = A5EB9CA81E2C7ABD00269344 /* BagWayTableViewCell.swift */; };
/* End PBXBuildFile section */

/* Begin PBXContainerItemProxy section */
		A50F0F381D658A3D003907F7 /* PBXContainerItemProxy */ = {
			isa = PBXContainerItemProxy;
			containerPortal = A50F0F1B1D658A3C003907F7 /* Project object */;
			proxyType = 1;
			remoteGlobalIDString = A50F0F221D658A3C003907F7;
			remoteInfo = SeeMoney;
		};
		A50F0F431D658A3D003907F7 /* PBXContainerItemProxy */ = {
			isa = PBXContainerItemProxy;
			containerPortal = A50F0F1B1D658A3C003907F7 /* Project object */;
			proxyType = 1;
			remoteGlobalIDString = A50F0F221D658A3C003907F7;
			remoteInfo = SeeMoney;
		};
/* End PBXContainerItemProxy section */

/* Begin PBXFileReference section */
		00E654EE85FAD8C6C279B019 /* Pods_SeeMoney.framework */ = {isa = PBXFileReference; explicitFileType = wrapper.framework; includeInIndex = 0; path = Pods_SeeMoney.framework; sourceTree = BUILT_PRODUCTS_DIR; };
		41DD9A03920379887970A1E2 /* Pods-SeeMoney.debug.xcconfig */ = {isa = PBXFileReference; includeInIndex = 1; lastKnownFileType = text.xcconfig; name = "Pods-SeeMoney.debug.xcconfig"; path = "Pods/Target Support Files/Pods-SeeMoney/Pods-SeeMoney.debug.xcconfig"; sourceTree = "<group>"; };
		A50288921D6D54690086CD80 /* LoginViewController.swift */ = {isa = PBXFileReference; fileEncoding = 4; lastKnownFileType = sourcecode.swift; path = LoginViewController.swift; sourceTree = "<group>"; };
		A50288941D6D54740086CD80 /* RegisterViewController.swift */ = {isa = PBXFileReference; fileEncoding = 4; lastKnownFileType = sourcecode.swift; path = RegisterViewController.swift; sourceTree = "<group>"; };
		A50288961D6D80E20086CD80 /* DXNavgationBar.swift */ = {isa = PBXFileReference; fileEncoding = 4; lastKnownFileType = sourcecode.swift; path = DXNavgationBar.swift; sourceTree = "<group>"; };
		A50E682E1D76AF8000891625 /* SMError.swift */ = {isa = PBXFileReference; fileEncoding = 4; lastKnownFileType = sourcecode.swift; path = SMError.swift; sourceTree = "<group>"; };
		A50E68311D76C1D700891625 /* OpenRedBagViewController.swift */ = {isa = PBXFileReference; fileEncoding = 4; lastKnownFileType = sourcecode.swift; path = OpenRedBagViewController.swift; sourceTree = "<group>"; };
		A50E68341D76C1F000891625 /* RedBagDetailViewController.swift */ = {isa = PBXFileReference; fileEncoding = 4; lastKnownFileType = sourcecode.swift; path = RedBagDetailViewController.swift; sourceTree = "<group>"; };
		A50E68361D76C59D00891625 /* RedBagHeaderView.swift */ = {isa = PBXFileReference; fileEncoding = 4; lastKnownFileType = sourcecode.swift; path = RedBagHeaderView.swift; sourceTree = "<group>"; };
		A50F0F231D658A3C003907F7 /* SeeMoney.app */ = {isa = PBXFileReference; explicitFileType = wrapper.application; includeInIndex = 0; path = SeeMoney.app; sourceTree = BUILT_PRODUCTS_DIR; };
		A50F0F261D658A3D003907F7 /* AppDelegate.swift */ = {isa = PBXFileReference; lastKnownFileType = sourcecode.swift; name = AppDelegate.swift; path = ../../AppDelegate.swift; sourceTree = "<group>"; };
		A50F0F281D658A3D003907F7 /* ViewController.swift */ = {isa = PBXFileReference; lastKnownFileType = sourcecode.swift; path = ViewController.swift; sourceTree = "<group>"; };
		A50F0F2B1D658A3D003907F7 /* Base */ = {isa = PBXFileReference; lastKnownFileType = file.storyboard; name = Base; path = Base.lproj/Main.storyboard; sourceTree = "<group>"; };
		A50F0F2D1D658A3D003907F7 /* Assets.xcassets */ = {isa = PBXFileReference; lastKnownFileType = folder.assetcatalog; path = Assets.xcassets; sourceTree = "<group>"; };
		A50F0F301D658A3D003907F7 /* Base */ = {isa = PBXFileReference; lastKnownFileType = file.storyboard; name = Base; path = Base.lproj/LaunchScreen.storyboard; sourceTree = "<group>"; };
		A50F0F321D658A3D003907F7 /* Info.plist */ = {isa = PBXFileReference; lastKnownFileType = text.plist.xml; path = Info.plist; sourceTree = "<group>"; };
		A50F0F371D658A3D003907F7 /* SeeMoneyTests.xctest */ = {isa = PBXFileReference; explicitFileType = wrapper.cfbundle; includeInIndex = 0; path = SeeMoneyTests.xctest; sourceTree = BUILT_PRODUCTS_DIR; };
		A50F0F3B1D658A3D003907F7 /* SeeMoneyTests.swift */ = {isa = PBXFileReference; lastKnownFileType = sourcecode.swift; path = SeeMoneyTests.swift; sourceTree = "<group>"; };
		A50F0F3D1D658A3D003907F7 /* Info.plist */ = {isa = PBXFileReference; lastKnownFileType = text.plist.xml; path = Info.plist; sourceTree = "<group>"; };
		A50F0F421D658A3D003907F7 /* SeeMoneyUITests.xctest */ = {isa = PBXFileReference; explicitFileType = wrapper.cfbundle; includeInIndex = 0; path = SeeMoneyUITests.xctest; sourceTree = BUILT_PRODUCTS_DIR; };
		A50F0F461D658A3D003907F7 /* SeeMoneyUITests.swift */ = {isa = PBXFileReference; lastKnownFileType = sourcecode.swift; path = SeeMoneyUITests.swift; sourceTree = "<group>"; };
		A50F0F481D658A3D003907F7 /* Info.plist */ = {isa = PBXFileReference; lastKnownFileType = text.plist.xml; path = Info.plist; sourceTree = "<group>"; };
		A50F0F631D65912D003907F7 /* RemoteSever.swift */ = {isa = PBXFileReference; fileEncoding = 4; lastKnownFileType = sourcecode.swift; path = RemoteSever.swift; sourceTree = "<group>"; };
		A50F0F651D6593C0003907F7 /* Commenddefine.swift */ = {isa = PBXFileReference; fileEncoding = 4; lastKnownFileType = sourcecode.swift; path = Commenddefine.swift; sourceTree = "<group>"; };
		A50F0F671D659644003907F7 /* MapKit.framework */ = {isa = PBXFileReference; lastKnownFileType = wrapper.framework; name = MapKit.framework; path = System/Library/Frameworks/MapKit.framework; sourceTree = SDKROOT; };
		A50F0F6B1D659697003907F7 /* MainMapViewController.swift */ = {isa = PBXFileReference; fileEncoding = 4; lastKnownFileType = sourcecode.swift; path = MainMapViewController.swift; sourceTree = "<group>"; };
		A50F0FAC1D65ABD0003907F7 /* DXNetWorkTool.swift */ = {isa = PBXFileReference; fileEncoding = 4; lastKnownFileType = sourcecode.swift; path = DXNetWorkTool.swift; sourceTree = "<group>"; };
		A513F5421D7824140001EAE8 /* RedBgView.swift */ = {isa = PBXFileReference; fileEncoding = 4; lastKnownFileType = sourcecode.swift; path = RedBgView.swift; sourceTree = "<group>"; };
		A513F5441D78268D0001EAE8 /* RedBgView.xib */ = {isa = PBXFileReference; fileEncoding = 4; lastKnownFileType = file.xib; path = RedBgView.xib; sourceTree = "<group>"; };
		A5199DDB1DE696CD002DE684 /* ToolListViewController.swift */ = {isa = PBXFileReference; fileEncoding = 4; lastKnownFileType = sourcecode.swift; path = ToolListViewController.swift; sourceTree = "<group>"; };
		A51B96941DE5451A006E57FC /* ToolModel.swift */ = {isa = PBXFileReference; fileEncoding = 4; lastKnownFileType = sourcecode.swift; path = ToolModel.swift; sourceTree = "<group>"; };
		A51B96961DE5453A006E57FC /* ToolManager.swift */ = {isa = PBXFileReference; fileEncoding = 4; lastKnownFileType = sourcecode.swift; path = ToolManager.swift; sourceTree = "<group>"; };
		A51C19991E0BC44D001AE174 /* SlideBtn.swift */ = {isa = PBXFileReference; fileEncoding = 4; lastKnownFileType = sourcecode.swift; path = SlideBtn.swift; sourceTree = "<group>"; };
		A51EB2861DBF48AE007E25B2 /* jpush-ios-2.2.0.a */ = {isa = PBXFileReference; lastKnownFileType = archive.ar; path = "jpush-ios-2.2.0.a"; sourceTree = "<group>"; };
		A51EB2871DBF48AE007E25B2 /* JPUSHService.h */ = {isa = PBXFileReference; fileEncoding = 4; lastKnownFileType = sourcecode.c.h; path = JPUSHService.h; sourceTree = "<group>"; };
		A51EB2891DBF48DF007E25B2 /* CFNetwork.framework */ = {isa = PBXFileReference; lastKnownFileType = wrapper.framework; name = CFNetwork.framework; path = System/Library/Frameworks/CFNetwork.framework; sourceTree = SDKROOT; };
		A51EB28B1DBF48E7007E25B2 /* CoreFoundation.framework */ = {isa = PBXFileReference; lastKnownFileType = wrapper.framework; name = CoreFoundation.framework; path = System/Library/Frameworks/CoreFoundation.framework; sourceTree = SDKROOT; };
		A51EB28D1DBF48F2007E25B2 /* CoreTelephony.framework */ = {isa = PBXFileReference; lastKnownFileType = wrapper.framework; name = CoreTelephony.framework; path = System/Library/Frameworks/CoreTelephony.framework; sourceTree = SDKROOT; };
		A51EB28F1DBF48FA007E25B2 /* SystemConfiguration.framework */ = {isa = PBXFileReference; lastKnownFileType = wrapper.framework; name = SystemConfiguration.framework; path = System/Library/Frameworks/SystemConfiguration.framework; sourceTree = SDKROOT; };
		A51EB2911DBF5659007E25B2 /* CoreGraphics.framework */ = {isa = PBXFileReference; lastKnownFileType = wrapper.framework; name = CoreGraphics.framework; path = System/Library/Frameworks/CoreGraphics.framework; sourceTree = SDKROOT; };
		A51EB2931DBF5661007E25B2 /* Security.framework */ = {isa = PBXFileReference; lastKnownFileType = wrapper.framework; name = Security.framework; path = System/Library/Frameworks/Security.framework; sourceTree = SDKROOT; };
		A51EB2951DBF5676007E25B2 /* UserNotifications.framework */ = {isa = PBXFileReference; lastKnownFileType = wrapper.framework; name = UserNotifications.framework; path = System/Library/Frameworks/UserNotifications.framework; sourceTree = SDKROOT; };
		A51EB2971DBF670A007E25B2 /* Bridging-Header.h */ = {isa = PBXFileReference; fileEncoding = 4; lastKnownFileType = sourcecode.c.h; path = "Bridging-Header.h"; sourceTree = "<group>"; };
		A51EB2981DBF6BAC007E25B2 /* libresolv.tbd */ = {isa = PBXFileReference; lastKnownFileType = "sourcecode.text-based-dylib-definition"; name = libresolv.tbd; path = usr/lib/libresolv.tbd; sourceTree = SDKROOT; };
		A51EB29A1DBF6BE4007E25B2 /* libz.tbd */ = {isa = PBXFileReference; lastKnownFileType = "sourcecode.text-based-dylib-definition"; name = libz.tbd; path = usr/lib/libz.tbd; sourceTree = SDKROOT; };
		A51EE2DF1E30C7F0003AEF06 /* AlipaySDK.bundle */ = {isa = PBXFileReference; lastKnownFileType = "wrapper.plug-in"; path = AlipaySDK.bundle; sourceTree = "<group>"; };
		A51EE2E01E30C7F0003AEF06 /* AlipaySDK.framework */ = {isa = PBXFileReference; lastKnownFileType = wrapper.framework; path = AlipaySDK.framework; sourceTree = "<group>"; };
		A51EE2E11E30C7F0003AEF06 /* libAli_Adapter.a */ = {isa = PBXFileReference; lastKnownFileType = archive.ar; path = libAli_Adapter.a; sourceTree = "<group>"; };
		A51EE2E31E30C7F0003AEF06 /* libApplePay_Adapter.a */ = {isa = PBXFileReference; lastKnownFileType = archive.ar; path = libApplePay_Adapter.a; sourceTree = "<group>"; };
		A51EE2E41E30C7F0003AEF06 /* libUPAPayPlugin.a */ = {isa = PBXFileReference; lastKnownFileType = archive.ar; path = libUPAPayPlugin.a; sourceTree = "<group>"; };
		A51EE2E51E30C7F0003AEF06 /* UPAPayPlugin.h */ = {isa = PBXFileReference; fileEncoding = 4; lastKnownFileType = sourcecode.c.h; path = UPAPayPlugin.h; sourceTree = "<group>"; };
		A51EE2E61E30C7F0003AEF06 /* UPAPayPluginDelegate.h */ = {isa = PBXFileReference; fileEncoding = 4; lastKnownFileType = sourcecode.c.h; path = UPAPayPluginDelegate.h; sourceTree = "<group>"; };
		A51EE2E81E30C7F0003AEF06 /* libFenQiPay.a */ = {isa = PBXFileReference; lastKnownFileType = archive.ar; path = libFenQiPay.a; sourceTree = "<group>"; };
		A51EE2EA1E30C7F0003AEF06 /* libJDPay_Adapter.a */ = {isa = PBXFileReference; lastKnownFileType = archive.ar; path = libJDPay_Adapter.a; sourceTree = "<group>"; };
		A51EE2ED1E30C7F0003AEF06 /* UPPaymentControl.h */ = {isa = PBXFileReference; fileEncoding = 4; lastKnownFileType = sourcecode.c.h; path = UPPaymentControl.h; sourceTree = "<group>"; };
		A51EE2EF1E30C7F0003AEF06 /* libPaymentControl.a */ = {isa = PBXFileReference; lastKnownFileType = archive.ar; path = libPaymentControl.a; sourceTree = "<group>"; };
		A51EE2F01E30C7F0003AEF06 /* libUP_Adapter.a */ = {isa = PBXFileReference; lastKnownFileType = archive.ar; path = libUP_Adapter.a; sourceTree = "<group>"; };
		A51EE2F21E30C7F0003AEF06 /* libWeChatSDK.a */ = {isa = PBXFileReference; lastKnownFileType = archive.ar; path = libWeChatSDK.a; sourceTree = "<group>"; };
		A51EE2F31E30C7F0003AEF06 /* libWX_Adapter.a */ = {isa = PBXFileReference; lastKnownFileType = archive.ar; path = libWX_Adapter.a; sourceTree = "<group>"; };
		A51EE2F41E30C7F0003AEF06 /* README.txt */ = {isa = PBXFileReference; fileEncoding = 4; lastKnownFileType = text; path = README.txt; sourceTree = "<group>"; };
		A51EE2F51E30C7F0003AEF06 /* WechatAuthSDK.h */ = {isa = PBXFileReference; fileEncoding = 4; lastKnownFileType = sourcecode.c.h; path = WechatAuthSDK.h; sourceTree = "<group>"; };
		A51EE2F61E30C7F0003AEF06 /* WXApi.h */ = {isa = PBXFileReference; fileEncoding = 4; lastKnownFileType = sourcecode.c.h; path = WXApi.h; sourceTree = "<group>"; };
		A51EE2F71E30C7F0003AEF06 /* WXApiObject.h */ = {isa = PBXFileReference; fileEncoding = 4; lastKnownFileType = sourcecode.c.h; path = WXApiObject.h; sourceTree = "<group>"; };
		A51EE2F91E30C7F0003AEF06 /* libYiBaoPay_Adapter.a */ = {isa = PBXFileReference; lastKnownFileType = archive.ar; path = libYiBaoPay_Adapter.a; sourceTree = "<group>"; };
		A51EE2FB1E30C7F0003AEF06 /* FuqianlaPay.h */ = {isa = PBXFileReference; fileEncoding = 4; lastKnownFileType = sourcecode.c.h; path = FuqianlaPay.h; sourceTree = "<group>"; };
		A51EE2FC1E30C7F0003AEF06 /* FuqianlaRes.bundle */ = {isa = PBXFileReference; lastKnownFileType = "wrapper.plug-in"; path = FuqianlaRes.bundle; sourceTree = "<group>"; };
		A51EE2FD1E30C7F0003AEF06 /* libFuqianlaPay.a */ = {isa = PBXFileReference; lastKnownFileType = archive.ar; path = libFuqianlaPay.a; sourceTree = "<group>"; };
		A51EE2FF1E30C7F0003AEF06 /* libFuqianlaSupport.a */ = {isa = PBXFileReference; lastKnownFileType = archive.ar; path = libFuqianlaSupport.a; sourceTree = "<group>"; };
		A51EE3101E30C809003AEF06 /* MessageUI.framework */ = {isa = PBXFileReference; lastKnownFileType = wrapper.framework; name = MessageUI.framework; path = System/Library/Frameworks/MessageUI.framework; sourceTree = SDKROOT; };
		A51EE3121E30C812003AEF06 /* LocalAuthentication.framework */ = {isa = PBXFileReference; lastKnownFileType = wrapper.framework; name = LocalAuthentication.framework; path = System/Library/Frameworks/LocalAuthentication.framework; sourceTree = SDKROOT; };
		A51EE3141E30C819003AEF06 /* MobileCoreServices.framework */ = {isa = PBXFileReference; lastKnownFileType = wrapper.framework; name = MobileCoreServices.framework; path = System/Library/Frameworks/MobileCoreServices.framework; sourceTree = SDKROOT; };
		A51EE3161E30C823003AEF06 /* CoreMotion.framework */ = {isa = PBXFileReference; lastKnownFileType = wrapper.framework; name = CoreMotion.framework; path = System/Library/Frameworks/CoreMotion.framework; sourceTree = SDKROOT; };
		A51EE3181E30C834003AEF06 /* libsqlite3.0.tbd */ = {isa = PBXFileReference; lastKnownFileType = "sourcecode.text-based-dylib-definition"; name = libsqlite3.0.tbd; path = usr/lib/libsqlite3.0.tbd; sourceTree = SDKROOT; };
		A51EE31A1E30C843003AEF06 /* libc++.tbd */ = {isa = PBXFileReference; lastKnownFileType = "sourcecode.text-based-dylib-definition"; name = "libc++.tbd"; path = "usr/lib/libc++.tbd"; sourceTree = SDKROOT; };
		A51EE31C1E30C858003AEF06 /* PassKit.framework */ = {isa = PBXFileReference; lastKnownFileType = wrapper.framework; name = PassKit.framework; path = System/Library/Frameworks/PassKit.framework; sourceTree = SDKROOT; };
		A51EE31E1E30C8D0003AEF06 /* PayManager.swift */ = {isa = PBXFileReference; fileEncoding = 4; lastKnownFileType = sourcecode.swift; path = PayManager.swift; sourceTree = "<group>"; };
		A520FE701E2DEF860043069A /* UILabel+ZYTool.h */ = {isa = PBXFileReference; fileEncoding = 4; lastKnownFileType = sourcecode.c.h; path = "UILabel+ZYTool.h"; sourceTree = "<group>"; };
		A520FE711E2DEF860043069A /* UILabel+ZYTool.m */ = {isa = PBXFileReference; fileEncoding = 4; lastKnownFileType = sourcecode.c.objc; path = "UILabel+ZYTool.m"; sourceTree = "<group>"; };
		A520FE731E2E2C120043069A /* BuyTableViewCell.swift */ = {isa = PBXFileReference; fileEncoding = 4; lastKnownFileType = sourcecode.swift; path = BuyTableViewCell.swift; sourceTree = "<group>"; };
		A523240B1DBF123A00FA0543 /* SeeMoney.entitlements */ = {isa = PBXFileReference; lastKnownFileType = text.plist.entitlements; path = SeeMoney.entitlements; sourceTree = "<group>"; };
		A52457801E34967400A449E9 /* FuqianlaPay+scheme.h */ = {isa = PBXFileReference; fileEncoding = 4; lastKnownFileType = sourcecode.c.h; path = "FuqianlaPay+scheme.h"; sourceTree = "<group>"; };
		A52457811E34967400A449E9 /* FuqianlaPay+scheme.m */ = {isa = PBXFileReference; fileEncoding = 4; lastKnownFileType = sourcecode.c.objc; path = "FuqianlaPay+scheme.m"; sourceTree = "<group>"; };
		A52BC20B1E5D7006008B5631 /* PickInfoModel.swift */ = {isa = PBXFileReference; fileEncoding = 4; lastKnownFileType = sourcecode.swift; path = PickInfoModel.swift; sourceTree = "<group>"; };
		A52FB9561E5E864500E9F90A /* ShareSDK.framework */ = {isa = PBXFileReference; lastKnownFileType = wrapper.framework; path = ShareSDK.framework; sourceTree = "<group>"; };
		A52FB9591E5E864500E9F90A /* ShareSDKConfigFile.bundle */ = {isa = PBXFileReference; lastKnownFileType = "wrapper.plug-in"; path = ShareSDKConfigFile.bundle; sourceTree = "<group>"; };
		A52FB95A1E5E864500E9F90A /* ShareSDKConfigFile.framework */ = {isa = PBXFileReference; lastKnownFileType = wrapper.framework; path = ShareSDKConfigFile.framework; sourceTree = "<group>"; };
		A52FB95B1E5E864500E9F90A /* ShareSDKExtension.framework */ = {isa = PBXFileReference; lastKnownFileType = wrapper.framework; path = ShareSDKExtension.framework; sourceTree = "<group>"; };
		A52FB95C1E5E864500E9F90A /* ShareSDKUI.bundle */ = {isa = PBXFileReference; lastKnownFileType = "wrapper.plug-in"; path = ShareSDKUI.bundle; sourceTree = "<group>"; };
		A52FB95D1E5E864500E9F90A /* ShareSDKUI.framework */ = {isa = PBXFileReference; lastKnownFileType = wrapper.framework; path = ShareSDKUI.framework; sourceTree = "<group>"; };
		A52FB95F1E5E864500E9F90A /* CopyConnector.framework */ = {isa = PBXFileReference; lastKnownFileType = wrapper.framework; path = CopyConnector.framework; sourceTree = "<group>"; };
		A52FB9601E5E864500E9F90A /* FacebookConnector.framework */ = {isa = PBXFileReference; lastKnownFileType = wrapper.framework; path = FacebookConnector.framework; sourceTree = "<group>"; };
		A52FB9611E5E864500E9F90A /* MailConnector.framework */ = {isa = PBXFileReference; lastKnownFileType = wrapper.framework; path = MailConnector.framework; sourceTree = "<group>"; };
		A52FB9621E5E864500E9F90A /* QQConnector.framework */ = {isa = PBXFileReference; lastKnownFileType = wrapper.framework; path = QQConnector.framework; sourceTree = "<group>"; };
		A52FB9631E5E864500E9F90A /* SinaWeiboConnector.framework */ = {isa = PBXFileReference; lastKnownFileType = wrapper.framework; path = SinaWeiboConnector.framework; sourceTree = "<group>"; };
		A52FB9641E5E864500E9F90A /* SMSConnector.framework */ = {isa = PBXFileReference; lastKnownFileType = wrapper.framework; path = SMSConnector.framework; sourceTree = "<group>"; };
		A52FB9651E5E864500E9F90A /* WechatConnector.framework */ = {isa = PBXFileReference; lastKnownFileType = wrapper.framework; path = WechatConnector.framework; sourceTree = "<group>"; };
		A52FB9681E5E864500E9F90A /* TencentOpenAPI.framework */ = {isa = PBXFileReference; lastKnownFileType = wrapper.framework; path = TencentOpenAPI.framework; sourceTree = "<group>"; };
		A52FB9691E5E864500E9F90A /* TencentOpenApi_IOS_Bundle.bundle */ = {isa = PBXFileReference; lastKnownFileType = "wrapper.plug-in"; path = TencentOpenApi_IOS_Bundle.bundle; sourceTree = "<group>"; };
		A52FB96B1E5E864500E9F90A /* libWeiboSDK.a */ = {isa = PBXFileReference; lastKnownFileType = archive.ar; path = libWeiboSDK.a; sourceTree = "<group>"; };
		A52FB96C1E5E864500E9F90A /* WBHttpRequest+WeiboGame.h */ = {isa = PBXFileReference; fileEncoding = 4; lastKnownFileType = sourcecode.c.h; path = "WBHttpRequest+WeiboGame.h"; sourceTree = "<group>"; };
		A52FB96D1E5E864500E9F90A /* WBHttpRequest+WeiboShare.h */ = {isa = PBXFileReference; fileEncoding = 4; lastKnownFileType = sourcecode.c.h; path = "WBHttpRequest+WeiboShare.h"; sourceTree = "<group>"; };
		A52FB96E1E5E864500E9F90A /* WBHttpRequest+WeiboToken.h */ = {isa = PBXFileReference; fileEncoding = 4; lastKnownFileType = sourcecode.c.h; path = "WBHttpRequest+WeiboToken.h"; sourceTree = "<group>"; };
		A52FB96F1E5E864500E9F90A /* WBHttpRequest+WeiboUser.h */ = {isa = PBXFileReference; fileEncoding = 4; lastKnownFileType = sourcecode.c.h; path = "WBHttpRequest+WeiboUser.h"; sourceTree = "<group>"; };
		A52FB9701E5E864500E9F90A /* WBHttpRequest.h */ = {isa = PBXFileReference; fileEncoding = 4; lastKnownFileType = sourcecode.c.h; path = WBHttpRequest.h; sourceTree = "<group>"; };
		A52FB9711E5E864500E9F90A /* WBSDKBasicButton.h */ = {isa = PBXFileReference; fileEncoding = 4; lastKnownFileType = sourcecode.c.h; path = WBSDKBasicButton.h; sourceTree = "<group>"; };
		A52FB9721E5E864500E9F90A /* WBSDKCommentButton.h */ = {isa = PBXFileReference; fileEncoding = 4; lastKnownFileType = sourcecode.c.h; path = WBSDKCommentButton.h; sourceTree = "<group>"; };
		A52FB9731E5E864500E9F90A /* WBSDKRelationshipButton.h */ = {isa = PBXFileReference; fileEncoding = 4; lastKnownFileType = sourcecode.c.h; path = WBSDKRelationshipButton.h; sourceTree = "<group>"; };
		A52FB9741E5E864500E9F90A /* WeiboSDK+Statistics.h */ = {isa = PBXFileReference; fileEncoding = 4; lastKnownFileType = sourcecode.c.h; path = "WeiboSDK+Statistics.h"; sourceTree = "<group>"; };
		A52FB9751E5E864500E9F90A /* WeiboSDK.bundle */ = {isa = PBXFileReference; lastKnownFileType = "wrapper.plug-in"; path = WeiboSDK.bundle; sourceTree = "<group>"; };
		A52FB9761E5E864500E9F90A /* WeiboSDK.h */ = {isa = PBXFileReference; fileEncoding = 4; lastKnownFileType = sourcecode.c.h; path = WeiboSDK.h; sourceTree = "<group>"; };
		A52FB9771E5E864500E9F90A /* WeiboUser.h */ = {isa = PBXFileReference; fileEncoding = 4; lastKnownFileType = sourcecode.c.h; path = WeiboUser.h; sourceTree = "<group>"; };
		A52FB9801E5E864500E9F90A /* MOBFoundation.framework */ = {isa = PBXFileReference; lastKnownFileType = wrapper.framework; path = MOBFoundation.framework; sourceTree = "<group>"; };
		A52FB9811E5E864500E9F90A /* ShareSDK.bundle */ = {isa = PBXFileReference; lastKnownFileType = "wrapper.plug-in"; path = ShareSDK.bundle; sourceTree = "<group>"; };
		A52FB9821E5E864500E9F90A /* ShareSDKConnector.framework */ = {isa = PBXFileReference; lastKnownFileType = wrapper.framework; path = ShareSDKConnector.framework; sourceTree = "<group>"; };
		A52FB99A1E5E86B700E9F90A /* libicucore.tbd */ = {isa = PBXFileReference; lastKnownFileType = "sourcecode.text-based-dylib-definition"; name = libicucore.tbd; path = usr/lib/libicucore.tbd; sourceTree = SDKROOT; };
		A52FB99C1E5E86C600E9F90A /* libstdc++.tbd */ = {isa = PBXFileReference; lastKnownFileType = "sourcecode.text-based-dylib-definition"; name = "libstdc++.tbd"; path = "usr/lib/libstdc++.tbd"; sourceTree = SDKROOT; };
		A52FB99E1E5E86CF00E9F90A /* JavaScriptCore.framework */ = {isa = PBXFileReference; lastKnownFileType = wrapper.framework; name = JavaScriptCore.framework; path = System/Library/Frameworks/JavaScriptCore.framework; sourceTree = SDKROOT; };
		A52FB9A01E5E86D700E9F90A /* ImageIO.framework */ = {isa = PBXFileReference; lastKnownFileType = wrapper.framework; name = ImageIO.framework; path = System/Library/Frameworks/ImageIO.framework; sourceTree = SDKROOT; };
		A52FB9A21E5E86E200E9F90A /* libsqlite3.tbd */ = {isa = PBXFileReference; lastKnownFileType = "sourcecode.text-based-dylib-definition"; name = libsqlite3.tbd; path = usr/lib/libsqlite3.tbd; sourceTree = SDKROOT; };
		A531A58F1E35FED500DEE7EE /* ChongZhiViewController.swift */ = {isa = PBXFileReference; fileEncoding = 4; lastKnownFileType = sourcecode.swift; path = ChongZhiViewController.swift; sourceTree = "<group>"; };
		A542DCD21D66FE7800AFE9C1 /* redbagModel.swift */ = {isa = PBXFileReference; fileEncoding = 4; lastKnownFileType = sourcecode.swift; path = redbagModel.swift; sourceTree = "<group>"; };
		A542DCD51D66FE9800AFE9C1 /* RedBagManager.swift */ = {isa = PBXFileReference; fileEncoding = 4; lastKnownFileType = sourcecode.swift; path = RedBagManager.swift; sourceTree = "<group>"; };
		A542DCD71D66FED400AFE9C1 /* UserModel.swift */ = {isa = PBXFileReference; fileEncoding = 4; lastKnownFileType = sourcecode.swift; path = UserModel.swift; sourceTree = "<group>"; };
		A542DCD91D67007B00AFE9C1 /* DXHelper.swift */ = {isa = PBXFileReference; fileEncoding = 4; lastKnownFileType = sourcecode.swift; path = DXHelper.swift; sourceTree = "<group>"; };
		A542DCDD1D67009400AFE9C1 /* UIActionSheet+Block.h */ = {isa = PBXFileReference; fileEncoding = 4; lastKnownFileType = sourcecode.c.h; path = "UIActionSheet+Block.h"; sourceTree = "<group>"; };
		A542DCDE1D67009400AFE9C1 /* UIActionSheet+Block.m */ = {isa = PBXFileReference; fileEncoding = 4; lastKnownFileType = sourcecode.c.objc; path = "UIActionSheet+Block.m"; sourceTree = "<group>"; };
		A542DCDF1D67009400AFE9C1 /* UIAlertView+Block.h */ = {isa = PBXFileReference; fileEncoding = 4; lastKnownFileType = sourcecode.c.h; path = "UIAlertView+Block.h"; sourceTree = "<group>"; };
		A542DCE01D67009400AFE9C1 /* UIAlertView+Block.m */ = {isa = PBXFileReference; fileEncoding = 4; lastKnownFileType = sourcecode.c.objc; path = "UIAlertView+Block.m"; sourceTree = "<group>"; };
		A542DCE11D67009400AFE9C1 /* DMAlertAction.h */ = {isa = PBXFileReference; fileEncoding = 4; lastKnownFileType = sourcecode.c.h; path = DMAlertAction.h; sourceTree = "<group>"; };
		A542DCE21D67009400AFE9C1 /* DMAlertAction.m */ = {isa = PBXFileReference; fileEncoding = 4; lastKnownFileType = sourcecode.c.objc; path = DMAlertAction.m; sourceTree = "<group>"; };
		A542DCE91D6700F500AFE9C1 /* SlideViewController.swift */ = {isa = PBXFileReference; fileEncoding = 4; lastKnownFileType = sourcecode.swift; path = SlideViewController.swift; sourceTree = "<group>"; };
		A542DCEB1D67010500AFE9C1 /* SettingViewController.swift */ = {isa = PBXFileReference; fileEncoding = 4; lastKnownFileType = sourcecode.swift; path = SettingViewController.swift; sourceTree = "<group>"; };
		A542DCED1D67010F00AFE9C1 /* MoneyViewController.swift */ = {isa = PBXFileReference; fileEncoding = 4; lastKnownFileType = sourcecode.swift; path = MoneyViewController.swift; sourceTree = "<group>"; };
		A5630A351D6AEFF300CB95DC /* redbg2.png */ = {isa = PBXFileReference; lastKnownFileType = image.png; path = redbg2.png; sourceTree = "<group>"; };
		A5630A3A1D6B03B100CB95DC /* AudioToolbox.framework */ = {isa = PBXFileReference; lastKnownFileType = wrapper.framework; name = AudioToolbox.framework; path = System/Library/Frameworks/AudioToolbox.framework; sourceTree = SDKROOT; };
		A56388EB1D66B7630008A8C2 /* DxDeveiceCommon.swift */ = {isa = PBXFileReference; fileEncoding = 4; lastKnownFileType = sourcecode.swift; path = DxDeveiceCommon.swift; sourceTree = "<group>"; };
		A56388ED1D66DF290008A8C2 /* MapManager.swift */ = {isa = PBXFileReference; fileEncoding = 4; lastKnownFileType = sourcecode.swift; path = MapManager.swift; sourceTree = "<group>"; };
		A570A1791E11094E00D0FDCE /* MyToolViewController.swift */ = {isa = PBXFileReference; fileEncoding = 4; lastKnownFileType = sourcecode.swift; path = MyToolViewController.swift; sourceTree = "<group>"; };
		A570A17C1E11096D00D0FDCE /* AboutViewController.swift */ = {isa = PBXFileReference; fileEncoding = 4; lastKnownFileType = sourcecode.swift; path = AboutViewController.swift; sourceTree = "<group>"; };
		A570A1811E1109BA00D0FDCE /* SendRedBagViewController.swift */ = {isa = PBXFileReference; fileEncoding = 4; lastKnownFileType = sourcecode.swift; path = SendRedBagViewController.swift; sourceTree = "<group>"; };
		A571FED51E49B47800750AFF /* DXRadarView.swift */ = {isa = PBXFileReference; fileEncoding = 4; lastKnownFileType = sourcecode.swift; path = DXRadarView.swift; sourceTree = "<group>"; };
		A5827B0C1D6C2C3000693921 /* DXSlideViewController.swift */ = {isa = PBXFileReference; fileEncoding = 4; lastKnownFileType = sourcecode.swift; path = DXSlideViewController.swift; sourceTree = "<group>"; };
		A5827B0E1D6C3F6900693921 /* MainNavViewController.swift */ = {isa = PBXFileReference; fileEncoding = 4; lastKnownFileType = sourcecode.swift; path = MainNavViewController.swift; sourceTree = "<group>"; };
		A5827B101D6C497900693921 /* UserManager.swift */ = {isa = PBXFileReference; fileEncoding = 4; lastKnownFileType = sourcecode.swift; path = UserManager.swift; sourceTree = "<group>"; };
		A5891D241E309B77008B7858 /* PayMoneyViewController.swift */ = {isa = PBXFileReference; fileEncoding = 4; lastKnownFileType = sourcecode.swift; path = PayMoneyViewController.swift; sourceTree = "<group>"; };
		A5891D261E309BE3008B7858 /* PayWayTableViewCell.swift */ = {isa = PBXFileReference; fileEncoding = 4; lastKnownFileType = sourcecode.swift; path = PayWayTableViewCell.swift; sourceTree = "<group>"; };
		A592C3481E1263C100E75525 /* MyToolCollectionViewCell.xib */ = {isa = PBXFileReference; fileEncoding = 4; lastKnownFileType = file.xib; path = MyToolCollectionViewCell.xib; sourceTree = "<group>"; };
		A592C34B1E12657600E75525 /* MyToolCollectionViewCell.swift */ = {isa = PBXFileReference; fileEncoding = 4; lastKnownFileType = sourcecode.swift; path = MyToolCollectionViewCell.swift; sourceTree = "<group>"; };
		A592C34D1E127C1F00E75525 /* MyToolOneCollectionViewCell.swift */ = {isa = PBXFileReference; fileEncoding = 4; lastKnownFileType = sourcecode.swift; path = MyToolOneCollectionViewCell.swift; sourceTree = "<group>"; };
		A592C34E1E127C1F00E75525 /* MyToolOneCollectionViewCell.xib */ = {isa = PBXFileReference; fileEncoding = 4; lastKnownFileType = file.xib; path = MyToolOneCollectionViewCell.xib; sourceTree = "<group>"; };
		A59BFC751E09397F00FC39D5 /* DXNewSlideViewController.swift */ = {isa = PBXFileReference; fileEncoding = 4; lastKnownFileType = sourcecode.swift; path = DXNewSlideViewController.swift; sourceTree = "<group>"; };
		A59F10DE1DC051B60023832D /* NotManager.h */ = {isa = PBXFileReference; fileEncoding = 4; lastKnownFileType = sourcecode.c.h; path = NotManager.h; sourceTree = "<group>"; };
		A59F10DF1DC051B60023832D /* NotManager.m */ = {isa = PBXFileReference; fileEncoding = 4; lastKnownFileType = sourcecode.c.objc; path = NotManager.m; sourceTree = "<group>"; };
		A5EB9CA21E2C66CF00269344 /* SendBagTableViewController.swift */ = {isa = PBXFileReference; fileEncoding = 4; lastKnownFileType = sourcecode.swift; path = SendBagTableViewController.swift; sourceTree = "<group>"; };
		A5EB9CA41E2C7A9400269344 /* BagNumTableViewCell.swift */ = {isa = PBXFileReference; fileEncoding = 4; lastKnownFileType = sourcecode.swift; path = BagNumTableViewCell.swift; sourceTree = "<group>"; };
		A5EB9CA61E2C7AA300269344 /* BagDesTableViewCell.swift */ = {isa = PBXFileReference; fileEncoding = 4; lastKnownFileType = sourcecode.swift; path = BagDesTableViewCell.swift; sourceTree = "<group>"; };
		A5EB9CA81E2C7ABD00269344 /* BagWayTableViewCell.swift */ = {isa = PBXFileReference; fileEncoding = 4; lastKnownFileType = sourcecode.swift; path = BagWayTableViewCell.swift; sourceTree = "<group>"; };
		C2C54D77B21C367F8445FBE6 /* Pods-SeeMoney.release.xcconfig */ = {isa = PBXFileReference; includeInIndex = 1; lastKnownFileType = text.xcconfig; name = "Pods-SeeMoney.release.xcconfig"; path = "Pods/Target Support Files/Pods-SeeMoney/Pods-SeeMoney.release.xcconfig"; sourceTree = "<group>"; };
/* End PBXFileReference section */

/* Begin PBXFrameworksBuildPhase section */
		A50F0F201D658A3C003907F7 /* Frameworks */ = {
			isa = PBXFrameworksBuildPhase;
			buildActionMask = 2147483647;
			files = (
				A52FB9A31E5E86E200E9F90A /* libsqlite3.tbd in Frameworks */,
				A52FB9A11E5E86D700E9F90A /* ImageIO.framework in Frameworks */,
				A52FB99F1E5E86CF00E9F90A /* JavaScriptCore.framework in Frameworks */,
				A52FB99D1E5E86C600E9F90A /* libstdc++.tbd in Frameworks */,
				A51EB29B1DBF6BE4007E25B2 /* libz.tbd in Frameworks */,
				A52FB99B1E5E86B700E9F90A /* libicucore.tbd in Frameworks */,
				A52FB98F1E5E864500E9F90A /* WechatConnector.framework in Frameworks */,
				A51EE31D1E30C858003AEF06 /* PassKit.framework in Frameworks */,
				A52FB98B1E5E864500E9F90A /* MailConnector.framework in Frameworks */,
				A51EB28A1DBF48DF007E25B2 /* CFNetwork.framework in Frameworks */,
				A51EB2901DBF48FA007E25B2 /* SystemConfiguration.framework in Frameworks */,
				A51EE31B1E30C843003AEF06 /* libc++.tbd in Frameworks */,
				A51EE3191E30C834003AEF06 /* libsqlite3.0.tbd in Frameworks */,
				A51EB28E1DBF48F2007E25B2 /* CoreTelephony.framework in Frameworks */,
				A51EE3171E30C823003AEF06 /* CoreMotion.framework in Frameworks */,
				A52FB9901E5E864500E9F90A /* TencentOpenAPI.framework in Frameworks */,
				A51EE3151E30C819003AEF06 /* MobileCoreServices.framework in Frameworks */,
				A52FB98C1E5E864500E9F90A /* QQConnector.framework in Frameworks */,
				A51EE3131E30C812003AEF06 /* LocalAuthentication.framework in Frameworks */,
				A51EE3111E30C809003AEF06 /* MessageUI.framework in Frameworks */,
				A51EB2991DBF6BAC007E25B2 /* libresolv.tbd in Frameworks */,
				A51EE3061E30C7F0003AEF06 /* libJDPay_Adapter.a in Frameworks */,
				A51EB2961DBF5676007E25B2 /* UserNotifications.framework in Frameworks */,
				A51EB2941DBF5661007E25B2 /* Security.framework in Frameworks */,
				A51EB2921DBF5659007E25B2 /* CoreGraphics.framework in Frameworks */,
				A51EE3051E30C7F0003AEF06 /* libFenQiPay.a in Frameworks */,
				A52FB9861E5E864500E9F90A /* ShareSDKExtension.framework in Frameworks */,
				A51EE30E1E30C7F0003AEF06 /* libFuqianlaPay.a in Frameworks */,
				A51EE3081E30C7F0003AEF06 /* libUP_Adapter.a in Frameworks */,
				A52FB9971E5E864500E9F90A /* MOBFoundation.framework in Frameworks */,
				A51EE30A1E30C7F0003AEF06 /* libWX_Adapter.a in Frameworks */,
				A52FB9891E5E864500E9F90A /* CopyConnector.framework in Frameworks */,
				A51EE30F1E30C7F0003AEF06 /* libFuqianlaSupport.a in Frameworks */,
				A52FB9921E5E864500E9F90A /* libWeiboSDK.a in Frameworks */,
				A52FB9881E5E864500E9F90A /* ShareSDKUI.framework in Frameworks */,
				A52FB9831E5E864500E9F90A /* ShareSDK.framework in Frameworks */,
				A52FB9991E5E864500E9F90A /* ShareSDKConnector.framework in Frameworks */,
				A51EE3031E30C7F0003AEF06 /* libApplePay_Adapter.a in Frameworks */,
				A51EE3011E30C7F0003AEF06 /* AlipaySDK.framework in Frameworks */,
				A51EB28C1DBF48E7007E25B2 /* CoreFoundation.framework in Frameworks */,
				A52FB9851E5E864500E9F90A /* ShareSDKConfigFile.framework in Frameworks */,
				A51EE3021E30C7F0003AEF06 /* libAli_Adapter.a in Frameworks */,
				A5630A3B1D6B03B100CB95DC /* AudioToolbox.framework in Frameworks */,
				A51EE30C1E30C7F0003AEF06 /* libYiBaoPay_Adapter.a in Frameworks */,
				A51EE3091E30C7F0003AEF06 /* libWeChatSDK.a in Frameworks */,
				A52FB98E1E5E864500E9F90A /* SMSConnector.framework in Frameworks */,
				A50F0F681D659644003907F7 /* MapKit.framework in Frameworks */,
				A51EE3071E30C7F0003AEF06 /* libPaymentControl.a in Frameworks */,
				A51EB2881DBF48AE007E25B2 /* jpush-ios-2.2.0.a in Frameworks */,
				A51EE3041E30C7F0003AEF06 /* libUPAPayPlugin.a in Frameworks */,
				21925C0FD999D7F08613D103 /* Pods_SeeMoney.framework in Frameworks */,
				A52FB98D1E5E864500E9F90A /* SinaWeiboConnector.framework in Frameworks */,
				A52FB98A1E5E864500E9F90A /* FacebookConnector.framework in Frameworks */,
			);
			runOnlyForDeploymentPostprocessing = 0;
		};
		A50F0F341D658A3D003907F7 /* Frameworks */ = {
			isa = PBXFrameworksBuildPhase;
			buildActionMask = 2147483647;
			files = (
			);
			runOnlyForDeploymentPostprocessing = 0;
		};
		A50F0F3F1D658A3D003907F7 /* Frameworks */ = {
			isa = PBXFrameworksBuildPhase;
			buildActionMask = 2147483647;
			files = (
			);
			runOnlyForDeploymentPostprocessing = 0;
		};
/* End PBXFrameworksBuildPhase section */

/* Begin PBXGroup section */
		0BA44B301461E58553BC4C6B /* Pods */ = {
			isa = PBXGroup;
			children = (
				41DD9A03920379887970A1E2 /* Pods-SeeMoney.debug.xcconfig */,
				C2C54D77B21C367F8445FBE6 /* Pods-SeeMoney.release.xcconfig */,
			);
			name = Pods;
			sourceTree = "<group>";
		};
		8CD89EB9AC2CD115B7080956 /* Frameworks */ = {
			isa = PBXGroup;
			children = (
				A52FB9A21E5E86E200E9F90A /* libsqlite3.tbd */,
				A52FB9A01E5E86D700E9F90A /* ImageIO.framework */,
				A52FB99E1E5E86CF00E9F90A /* JavaScriptCore.framework */,
				A52FB99C1E5E86C600E9F90A /* libstdc++.tbd */,
				A52FB99A1E5E86B700E9F90A /* libicucore.tbd */,
				A51EE31C1E30C858003AEF06 /* PassKit.framework */,
				A51EE31A1E30C843003AEF06 /* libc++.tbd */,
				A51EE3181E30C834003AEF06 /* libsqlite3.0.tbd */,
				A51EE3161E30C823003AEF06 /* CoreMotion.framework */,
				A51EE3141E30C819003AEF06 /* MobileCoreServices.framework */,
				A51EE3121E30C812003AEF06 /* LocalAuthentication.framework */,
				A51EE3101E30C809003AEF06 /* MessageUI.framework */,
				A51EB29A1DBF6BE4007E25B2 /* libz.tbd */,
				A51EB2981DBF6BAC007E25B2 /* libresolv.tbd */,
				A51EB2951DBF5676007E25B2 /* UserNotifications.framework */,
				A51EB2931DBF5661007E25B2 /* Security.framework */,
				A51EB2911DBF5659007E25B2 /* CoreGraphics.framework */,
				A51EB28F1DBF48FA007E25B2 /* SystemConfiguration.framework */,
				A51EB28D1DBF48F2007E25B2 /* CoreTelephony.framework */,
				A51EB28B1DBF48E7007E25B2 /* CoreFoundation.framework */,
				A51EB2891DBF48DF007E25B2 /* CFNetwork.framework */,
				A5630A3A1D6B03B100CB95DC /* AudioToolbox.framework */,
				A50F0F671D659644003907F7 /* MapKit.framework */,
				00E654EE85FAD8C6C279B019 /* Pods_SeeMoney.framework */,
			);
			name = Frameworks;
			sourceTree = "<group>";
		};
		A50E68301D76C1A100891625 /* redBag */ = {
			isa = PBXGroup;
			children = (
				A570A1801E1109A700D0FDCE /* send */,
				A50E68311D76C1D700891625 /* OpenRedBagViewController.swift */,
				A50E68341D76C1F000891625 /* RedBagDetailViewController.swift */,
			);
			name = redBag;
			sourceTree = "<group>";
		};
		A50F0F1A1D658A3C003907F7 = {
			isa = PBXGroup;
			children = (
				A50F0F251D658A3D003907F7 /* SeeMoney */,
				A50F0F3A1D658A3D003907F7 /* SeeMoneyTests */,
				A50F0F451D658A3D003907F7 /* SeeMoneyUITests */,
				A50F0F241D658A3C003907F7 /* Products */,
				8CD89EB9AC2CD115B7080956 /* Frameworks */,
				0BA44B301461E58553BC4C6B /* Pods */,
			);
			sourceTree = "<group>";
		};
		A50F0F241D658A3C003907F7 /* Products */ = {
			isa = PBXGroup;
			children = (
				A50F0F231D658A3C003907F7 /* SeeMoney.app */,
				A50F0F371D658A3D003907F7 /* SeeMoneyTests.xctest */,
				A50F0F421D658A3D003907F7 /* SeeMoneyUITests.xctest */,
			);
			name = Products;
			sourceTree = "<group>";
		};
		A50F0F251D658A3D003907F7 /* SeeMoney */ = {
			isa = PBXGroup;
			children = (
				A523240B1DBF123A00FA0543 /* SeeMoney.entitlements */,
				A50F0F541D659047003907F7 /* Utility */,
				A50F0F591D659047003907F7 /* macro */,
				A50F0F5A1D659047003907F7 /* APP */,
				A50F0F281D658A3D003907F7 /* ViewController.swift */,
				A50F0F2A1D658A3D003907F7 /* Main.storyboard */,
				A50F0F2D1D658A3D003907F7 /* Assets.xcassets */,
				A50F0F2F1D658A3D003907F7 /* LaunchScreen.storyboard */,
				A50F0F321D658A3D003907F7 /* Info.plist */,
			);
			path = SeeMoney;
			sourceTree = "<group>";
		};
		A50F0F3A1D658A3D003907F7 /* SeeMoneyTests */ = {
			isa = PBXGroup;
			children = (
				A50F0F3B1D658A3D003907F7 /* SeeMoneyTests.swift */,
				A50F0F3D1D658A3D003907F7 /* Info.plist */,
			);
			path = SeeMoneyTests;
			sourceTree = "<group>";
		};
		A50F0F451D658A3D003907F7 /* SeeMoneyUITests */ = {
			isa = PBXGroup;
			children = (
				A50F0F461D658A3D003907F7 /* SeeMoneyUITests.swift */,
				A50F0F481D658A3D003907F7 /* Info.plist */,
			);
			path = SeeMoneyUITests;
			sourceTree = "<group>";
		};
		A50F0F541D659047003907F7 /* Utility */ = {
			isa = PBXGroup;
			children = (
				A52FB9551E5E864500E9F90A /* ShareSDK */,
				A50F0F551D659047003907F7 /* Category */,
				A50F0F561D659047003907F7 /* Classes */,
				A50F0F571D659047003907F7 /* Helpers */,
				A50F0F581D659047003907F7 /* Libs */,
				A571FED51E49B47800750AFF /* DXRadarView.swift */,
			);
			path = Utility;
			sourceTree = "<group>";
		};
		A50F0F551D659047003907F7 /* Category */ = {
			isa = PBXGroup;
			children = (
			);
			path = Category;
			sourceTree = "<group>";
		};
		A50F0F561D659047003907F7 /* Classes */ = {
			isa = PBXGroup;
			children = (
				A520FE701E2DEF860043069A /* UILabel+ZYTool.h */,
				A520FE711E2DEF860043069A /* UILabel+ZYTool.m */,
				A50F0F6E1D659874003907F7 /* Manager */,
			);
			path = Classes;
			sourceTree = "<group>";
		};
		A50F0F571D659047003907F7 /* Helpers */ = {
			isa = PBXGroup;
			children = (
				A542DCDB1D67009400AFE9C1 /* DMAlertAction */,
				A542DCD91D67007B00AFE9C1 /* DXHelper.swift */,
			);
			path = Helpers;
			sourceTree = "<group>";
		};
		A50F0F581D659047003907F7 /* Libs */ = {
			isa = PBXGroup;
			children = (
				A51EE2DC1E30C7F0003AEF06 /* fuqianla */,
				A51EB2851DBF48AE007E25B2 /* Lib */,
				A51EB2971DBF670A007E25B2 /* Bridging-Header.h */,
			);
			path = Libs;
			sourceTree = "<group>";
		};
		A50F0F591D659047003907F7 /* macro */ = {
			isa = PBXGroup;
			children = (
				A50F0F631D65912D003907F7 /* RemoteSever.swift */,
				A50F0F651D6593C0003907F7 /* Commenddefine.swift */,
			);
			path = macro;
			sourceTree = "<group>";
		};
		A50F0F5A1D659047003907F7 /* APP */ = {
			isa = PBXGroup;
			children = (
				A5630A351D6AEFF300CB95DC /* redbg2.png */,
				A50F0FA91D65A06E003907F7 /* viewModel */,
				A50F0F5B1D659047003907F7 /* Controller */,
				A50F0F5C1D659047003907F7 /* Model */,
				A50F0F5D1D659047003907F7 /* View */,
				A50F0F5E1D659047003907F7 /* ViewModel */,
			);
			path = APP;
			sourceTree = "<group>";
		};
		A50F0F5B1D659047003907F7 /* Controller */ = {
			isa = PBXGroup;
			children = (
				A50F0F611D65906E003907F7 /* StoryBoard */,
				A50F0F601D659066003907F7 /* APPdelegate */,
				A50F0F5F1D659057003907F7 /* Sections */,
			);
			path = Controller;
			sourceTree = "<group>";
		};
		A50F0F5C1D659047003907F7 /* Model */ = {
			isa = PBXGroup;
			children = (
				A542DCD21D66FE7800AFE9C1 /* redbagModel.swift */,
				A542DCD71D66FED400AFE9C1 /* UserModel.swift */,
				A5827B101D6C497900693921 /* UserManager.swift */,
				A51B96941DE5451A006E57FC /* ToolModel.swift */,
				A51B96961DE5453A006E57FC /* ToolManager.swift */,
				A52BC20B1E5D7006008B5631 /* PickInfoModel.swift */,
			);
			path = Model;
			sourceTree = "<group>";
		};
		A50F0F5D1D659047003907F7 /* View */ = {
			isa = PBXGroup;
			children = (
				A513F5421D7824140001EAE8 /* RedBgView.swift */,
				A50288961D6D80E20086CD80 /* DXNavgationBar.swift */,
				A50E68361D76C59D00891625 /* RedBagHeaderView.swift */,
				A513F5441D78268D0001EAE8 /* RedBgView.xib */,
				A592C3481E1263C100E75525 /* MyToolCollectionViewCell.xib */,
				A592C34B1E12657600E75525 /* MyToolCollectionViewCell.swift */,
				A592C34D1E127C1F00E75525 /* MyToolOneCollectionViewCell.swift */,
				A592C34E1E127C1F00E75525 /* MyToolOneCollectionViewCell.xib */,
				A5EB9CA41E2C7A9400269344 /* BagNumTableViewCell.swift */,
				A5EB9CA61E2C7AA300269344 /* BagDesTableViewCell.swift */,
				A5EB9CA81E2C7ABD00269344 /* BagWayTableViewCell.swift */,
				A520FE731E2E2C120043069A /* BuyTableViewCell.swift */,
				A5891D261E309BE3008B7858 /* PayWayTableViewCell.swift */,
			);
			path = View;
			sourceTree = "<group>";
		};
		A50F0F5E1D659047003907F7 /* ViewModel */ = {
			isa = PBXGroup;
			children = (
			);
			path = ViewModel;
			sourceTree = "<group>";
		};
		A50F0F5F1D659057003907F7 /* Sections */ = {
			isa = PBXGroup;
			children = (
				A531A58E1E35FEBB00DEE7EE /* Pay */,
				A570A17E1E11097200D0FDCE /* FeedBack */,
				A570A17B1E11095C00D0FDCE /* About */,
				A5199DDA1DE696B6002DE684 /* Tool */,
				A50E68301D76C1A100891625 /* redBag */,
				A542DCE81D6700D100AFE9C1 /* MoneyVC */,
				A542DCE71D6700C400AFE9C1 /* SettingVC */,
				A542DCE61D6700B300AFE9C1 /* SlidVC */,
				A50F0F6D1D659869003907F7 /* Login */,
				A50F0F6B1D659697003907F7 /* MainMapViewController.swift */,
				A5827B0E1D6C3F6900693921 /* MainNavViewController.swift */,
			);
			name = Sections;
			sourceTree = "<group>";
		};
		A50F0F601D659066003907F7 /* APPdelegate */ = {
			isa = PBXGroup;
			children = (
				A50F0F261D658A3D003907F7 /* AppDelegate.swift */,
				A59F10DE1DC051B60023832D /* NotManager.h */,
				A59F10DF1DC051B60023832D /* NotManager.m */,
			);
			name = APPdelegate;
			sourceTree = "<group>";
		};
		A50F0F611D65906E003907F7 /* StoryBoard */ = {
			isa = PBXGroup;
			children = (
			);
			name = StoryBoard;
			sourceTree = "<group>";
		};
		A50F0F6D1D659869003907F7 /* Login */ = {
			isa = PBXGroup;
			children = (
				A50288921D6D54690086CD80 /* LoginViewController.swift */,
				A50288941D6D54740086CD80 /* RegisterViewController.swift */,
			);
			name = Login;
			sourceTree = "<group>";
		};
		A50F0F6E1D659874003907F7 /* Manager */ = {
			isa = PBXGroup;
			children = (
				A542DCD41D66FE8200AFE9C1 /* Redbag */,
				A50F0FAB1D65AB97003907F7 /* NetWork */,
				A50F0FAA1D65AB91003907F7 /* Map */,
				A51EE31E1E30C8D0003AEF06 /* PayManager.swift */,
			);
			name = Manager;
			sourceTree = "<group>";
		};
		A50F0FA91D65A06E003907F7 /* viewModel */ = {
			isa = PBXGroup;
			children = (
			);
			name = viewModel;
			sourceTree = "<group>";
		};
		A50F0FAA1D65AB91003907F7 /* Map */ = {
			isa = PBXGroup;
			children = (
				A56388ED1D66DF290008A8C2 /* MapManager.swift */,
			);
			name = Map;
			sourceTree = "<group>";
		};
		A50F0FAB1D65AB97003907F7 /* NetWork */ = {
			isa = PBXGroup;
			children = (
				A50F0FAC1D65ABD0003907F7 /* DXNetWorkTool.swift */,
				A56388EB1D66B7630008A8C2 /* DxDeveiceCommon.swift */,
				A50E682E1D76AF8000891625 /* SMError.swift */,
			);
			name = NetWork;
			sourceTree = "<group>";
		};
		A5199DDA1DE696B6002DE684 /* Tool */ = {
			isa = PBXGroup;
			children = (
				A5199DDB1DE696CD002DE684 /* ToolListViewController.swift */,
				A570A1791E11094E00D0FDCE /* MyToolViewController.swift */,
			);
			name = Tool;
			sourceTree = "<group>";
		};
		A51EB2851DBF48AE007E25B2 /* Lib */ = {
			isa = PBXGroup;
			children = (
				A51EB2861DBF48AE007E25B2 /* jpush-ios-2.2.0.a */,
				A51EB2871DBF48AE007E25B2 /* JPUSHService.h */,
			);
			path = Lib;
			sourceTree = "<group>";
		};
		A51EE2DC1E30C7F0003AEF06 /* fuqianla */ = {
			isa = PBXGroup;
			children = (
				A52457801E34967400A449E9 /* FuqianlaPay+scheme.h */,
				A52457811E34967400A449E9 /* FuqianlaPay+scheme.m */,
				A51EE2DD1E30C7F0003AEF06 /* Channels */,
				A51EE2FA1E30C7F0003AEF06 /* fqlLibs */,
				A51EE2FE1E30C7F0003AEF06 /* support */,
			);
			path = fuqianla;
			sourceTree = "<group>";
		};
		A51EE2DD1E30C7F0003AEF06 /* Channels */ = {
			isa = PBXGroup;
			children = (
				A51EE2DE1E30C7F0003AEF06 /* AlipaySDK */,
				A51EE2E21E30C7F0003AEF06 /* ApplePay */,
				A51EE2E71E30C7F0003AEF06 /* FenQi */,
				A51EE2E91E30C7F0003AEF06 /* JDPay */,
				A51EE2EB1E30C7F0003AEF06 /* UPPayment */,
				A51EE2F11E30C7F0003AEF06 /* wxSDK */,
				A51EE2F81E30C7F0003AEF06 /* YiBaoPay */,
			);
			path = Channels;
			sourceTree = "<group>";
		};
		A51EE2DE1E30C7F0003AEF06 /* AlipaySDK */ = {
			isa = PBXGroup;
			children = (
				A51EE2DF1E30C7F0003AEF06 /* AlipaySDK.bundle */,
				A51EE2E01E30C7F0003AEF06 /* AlipaySDK.framework */,
				A51EE2E11E30C7F0003AEF06 /* libAli_Adapter.a */,
			);
			path = AlipaySDK;
			sourceTree = "<group>";
		};
		A51EE2E21E30C7F0003AEF06 /* ApplePay */ = {
			isa = PBXGroup;
			children = (
				A51EE2E31E30C7F0003AEF06 /* libApplePay_Adapter.a */,
				A51EE2E41E30C7F0003AEF06 /* libUPAPayPlugin.a */,
				A51EE2E51E30C7F0003AEF06 /* UPAPayPlugin.h */,
				A51EE2E61E30C7F0003AEF06 /* UPAPayPluginDelegate.h */,
			);
			path = ApplePay;
			sourceTree = "<group>";
		};
		A51EE2E71E30C7F0003AEF06 /* FenQi */ = {
			isa = PBXGroup;
			children = (
				A51EE2E81E30C7F0003AEF06 /* libFenQiPay.a */,
			);
			path = FenQi;
			sourceTree = "<group>";
		};
		A51EE2E91E30C7F0003AEF06 /* JDPay */ = {
			isa = PBXGroup;
			children = (
				A51EE2EA1E30C7F0003AEF06 /* libJDPay_Adapter.a */,
			);
			path = JDPay;
			sourceTree = "<group>";
		};
		A51EE2EB1E30C7F0003AEF06 /* UPPayment */ = {
			isa = PBXGroup;
			children = (
				A51EE2EC1E30C7F0003AEF06 /* inc */,
				A51EE2EE1E30C7F0003AEF06 /* libs */,
				A51EE2F01E30C7F0003AEF06 /* libUP_Adapter.a */,
			);
			path = UPPayment;
			sourceTree = "<group>";
		};
		A51EE2EC1E30C7F0003AEF06 /* inc */ = {
			isa = PBXGroup;
			children = (
				A51EE2ED1E30C7F0003AEF06 /* UPPaymentControl.h */,
			);
			path = inc;
			sourceTree = "<group>";
		};
		A51EE2EE1E30C7F0003AEF06 /* libs */ = {
			isa = PBXGroup;
			children = (
				A51EE2EF1E30C7F0003AEF06 /* libPaymentControl.a */,
			);
			path = libs;
			sourceTree = "<group>";
		};
		A51EE2F11E30C7F0003AEF06 /* wxSDK */ = {
			isa = PBXGroup;
			children = (
				A51EE2F21E30C7F0003AEF06 /* libWeChatSDK.a */,
				A51EE2F31E30C7F0003AEF06 /* libWX_Adapter.a */,
				A51EE2F41E30C7F0003AEF06 /* README.txt */,
				A51EE2F51E30C7F0003AEF06 /* WechatAuthSDK.h */,
				A51EE2F61E30C7F0003AEF06 /* WXApi.h */,
				A51EE2F71E30C7F0003AEF06 /* WXApiObject.h */,
			);
			path = wxSDK;
			sourceTree = "<group>";
		};
		A51EE2F81E30C7F0003AEF06 /* YiBaoPay */ = {
			isa = PBXGroup;
			children = (
				A51EE2F91E30C7F0003AEF06 /* libYiBaoPay_Adapter.a */,
			);
			path = YiBaoPay;
			sourceTree = "<group>";
		};
		A51EE2FA1E30C7F0003AEF06 /* fqlLibs */ = {
			isa = PBXGroup;
			children = (
				A51EE2FB1E30C7F0003AEF06 /* FuqianlaPay.h */,
				A51EE2FC1E30C7F0003AEF06 /* FuqianlaRes.bundle */,
				A51EE2FD1E30C7F0003AEF06 /* libFuqianlaPay.a */,
			);
			path = fqlLibs;
			sourceTree = "<group>";
		};
		A51EE2FE1E30C7F0003AEF06 /* support */ = {
			isa = PBXGroup;
			children = (
				A51EE2FF1E30C7F0003AEF06 /* libFuqianlaSupport.a */,
			);
			path = support;
			sourceTree = "<group>";
		};
		A52FB9551E5E864500E9F90A /* ShareSDK */ = {
			isa = PBXGroup;
			children = (
				A52FB9561E5E864500E9F90A /* ShareSDK.framework */,
				A52FB9571E5E864500E9F90A /* Support */,
			);
			path = ShareSDK;
			sourceTree = "<group>";
		};
		A52FB9571E5E864500E9F90A /* Support */ = {
			isa = PBXGroup;
			children = (
				A52FB9581E5E864500E9F90A /* Optional */,
				A52FB95E1E5E864500E9F90A /* PlatformConnector */,
				A52FB9661E5E864500E9F90A /* PlatformSDK */,
				A52FB97F1E5E864500E9F90A /* Required */,
			);
			path = Support;
			sourceTree = "<group>";
		};
		A52FB9581E5E864500E9F90A /* Optional */ = {
			isa = PBXGroup;
			children = (
				A52FB9591E5E864500E9F90A /* ShareSDKConfigFile.bundle */,
				A52FB95A1E5E864500E9F90A /* ShareSDKConfigFile.framework */,
				A52FB95B1E5E864500E9F90A /* ShareSDKExtension.framework */,
				A52FB95C1E5E864500E9F90A /* ShareSDKUI.bundle */,
				A52FB95D1E5E864500E9F90A /* ShareSDKUI.framework */,
			);
			path = Optional;
			sourceTree = "<group>";
		};
		A52FB95E1E5E864500E9F90A /* PlatformConnector */ = {
			isa = PBXGroup;
			children = (
				A52FB95F1E5E864500E9F90A /* CopyConnector.framework */,
				A52FB9601E5E864500E9F90A /* FacebookConnector.framework */,
				A52FB9611E5E864500E9F90A /* MailConnector.framework */,
				A52FB9621E5E864500E9F90A /* QQConnector.framework */,
				A52FB9631E5E864500E9F90A /* SinaWeiboConnector.framework */,
				A52FB9641E5E864500E9F90A /* SMSConnector.framework */,
				A52FB9651E5E864500E9F90A /* WechatConnector.framework */,
			);
			path = PlatformConnector;
			sourceTree = "<group>";
		};
		A52FB9661E5E864500E9F90A /* PlatformSDK */ = {
			isa = PBXGroup;
			children = (
				A52FB9671E5E864500E9F90A /* QQSDK */,
				A52FB96A1E5E864500E9F90A /* SinaWeiboSDK */,
			);
			path = PlatformSDK;
			sourceTree = "<group>";
		};
		A52FB9671E5E864500E9F90A /* QQSDK */ = {
			isa = PBXGroup;
			children = (
				A52FB9681E5E864500E9F90A /* TencentOpenAPI.framework */,
				A52FB9691E5E864500E9F90A /* TencentOpenApi_IOS_Bundle.bundle */,
			);
			path = QQSDK;
			sourceTree = "<group>";
		};
		A52FB96A1E5E864500E9F90A /* SinaWeiboSDK */ = {
			isa = PBXGroup;
			children = (
				A52FB96B1E5E864500E9F90A /* libWeiboSDK.a */,
				A52FB96C1E5E864500E9F90A /* WBHttpRequest+WeiboGame.h */,
				A52FB96D1E5E864500E9F90A /* WBHttpRequest+WeiboShare.h */,
				A52FB96E1E5E864500E9F90A /* WBHttpRequest+WeiboToken.h */,
				A52FB96F1E5E864500E9F90A /* WBHttpRequest+WeiboUser.h */,
				A52FB9701E5E864500E9F90A /* WBHttpRequest.h */,
				A52FB9711E5E864500E9F90A /* WBSDKBasicButton.h */,
				A52FB9721E5E864500E9F90A /* WBSDKCommentButton.h */,
				A52FB9731E5E864500E9F90A /* WBSDKRelationshipButton.h */,
				A52FB9741E5E864500E9F90A /* WeiboSDK+Statistics.h */,
				A52FB9751E5E864500E9F90A /* WeiboSDK.bundle */,
				A52FB9761E5E864500E9F90A /* WeiboSDK.h */,
				A52FB9771E5E864500E9F90A /* WeiboUser.h */,
			);
			path = SinaWeiboSDK;
			sourceTree = "<group>";
		};
		A52FB97F1E5E864500E9F90A /* Required */ = {
			isa = PBXGroup;
			children = (
				A52FB9801E5E864500E9F90A /* MOBFoundation.framework */,
				A52FB9811E5E864500E9F90A /* ShareSDK.bundle */,
				A52FB9821E5E864500E9F90A /* ShareSDKConnector.framework */,
			);
			path = Required;
			sourceTree = "<group>";
		};
		A531A58E1E35FEBB00DEE7EE /* Pay */ = {
			isa = PBXGroup;
			children = (
				A531A58F1E35FED500DEE7EE /* ChongZhiViewController.swift */,
			);
			name = Pay;
			sourceTree = "<group>";
		};
		A542DCD41D66FE8200AFE9C1 /* Redbag */ = {
			isa = PBXGroup;
			children = (
				A542DCD51D66FE9800AFE9C1 /* RedBagManager.swift */,
			);
			name = Redbag;
			sourceTree = "<group>";
		};
		A542DCDB1D67009400AFE9C1 /* DMAlertAction */ = {
			isa = PBXGroup;
			children = (
				A542DCDC1D67009400AFE9C1 /* Class */,
				A542DCE11D67009400AFE9C1 /* DMAlertAction.h */,
				A542DCE21D67009400AFE9C1 /* DMAlertAction.m */,
			);
			path = DMAlertAction;
			sourceTree = "<group>";
		};
		A542DCDC1D67009400AFE9C1 /* Class */ = {
			isa = PBXGroup;
			children = (
				A542DCDD1D67009400AFE9C1 /* UIActionSheet+Block.h */,
				A542DCDE1D67009400AFE9C1 /* UIActionSheet+Block.m */,
				A542DCDF1D67009400AFE9C1 /* UIAlertView+Block.h */,
				A542DCE01D67009400AFE9C1 /* UIAlertView+Block.m */,
			);
			path = Class;
			sourceTree = "<group>";
		};
		A542DCE61D6700B300AFE9C1 /* SlidVC */ = {
			isa = PBXGroup;
			children = (
				A542DCE91D6700F500AFE9C1 /* SlideViewController.swift */,
				A5827B0C1D6C2C3000693921 /* DXSlideViewController.swift */,
				A59BFC751E09397F00FC39D5 /* DXNewSlideViewController.swift */,
				A51C19991E0BC44D001AE174 /* SlideBtn.swift */,
			);
			name = SlidVC;
			sourceTree = "<group>";
		};
		A542DCE71D6700C400AFE9C1 /* SettingVC */ = {
			isa = PBXGroup;
			children = (
				A542DCEB1D67010500AFE9C1 /* SettingViewController.swift */,
			);
			name = SettingVC;
			sourceTree = "<group>";
		};
		A542DCE81D6700D100AFE9C1 /* MoneyVC */ = {
			isa = PBXGroup;
			children = (
				A542DCED1D67010F00AFE9C1 /* MoneyViewController.swift */,
			);
			name = MoneyVC;
			sourceTree = "<group>";
		};
		A570A17B1E11095C00D0FDCE /* About */ = {
			isa = PBXGroup;
			children = (
				A570A17C1E11096D00D0FDCE /* AboutViewController.swift */,
			);
			name = About;
			sourceTree = "<group>";
		};
		A570A17E1E11097200D0FDCE /* FeedBack */ = {
			isa = PBXGroup;
			children = (
			);
			name = FeedBack;
			sourceTree = "<group>";
		};
		A570A1801E1109A700D0FDCE /* send */ = {
			isa = PBXGroup;
			children = (
				A570A1811E1109BA00D0FDCE /* SendRedBagViewController.swift */,
				A5EB9CA21E2C66CF00269344 /* SendBagTableViewController.swift */,
				A5891D241E309B77008B7858 /* PayMoneyViewController.swift */,
			);
			name = send;
			sourceTree = "<group>";
		};
/* End PBXGroup section */

/* Begin PBXNativeTarget section */
		A50F0F221D658A3C003907F7 /* SeeMoney */ = {
			isa = PBXNativeTarget;
			buildConfigurationList = A50F0F4B1D658A3D003907F7 /* Build configuration list for PBXNativeTarget "SeeMoney" */;
			buildPhases = (
				AD60B949F8E868CF2C90B8DB /* [CP] Check Pods Manifest.lock */,
				A50F0F1F1D658A3C003907F7 /* Sources */,
				A50F0F201D658A3C003907F7 /* Frameworks */,
				A50F0F211D658A3C003907F7 /* Resources */,
				CE0E1C0E8C9479888413BF42 /* [CP] Embed Pods Frameworks */,
				3CED66CA364DAEF526B748EF /* [CP] Copy Pods Resources */,
			);
			buildRules = (
			);
			dependencies = (
			);
			name = SeeMoney;
			productName = SeeMoney;
			productReference = A50F0F231D658A3C003907F7 /* SeeMoney.app */;
			productType = "com.apple.product-type.application";
		};
		A50F0F361D658A3D003907F7 /* SeeMoneyTests */ = {
			isa = PBXNativeTarget;
			buildConfigurationList = A50F0F4E1D658A3D003907F7 /* Build configuration list for PBXNativeTarget "SeeMoneyTests" */;
			buildPhases = (
				A50F0F331D658A3D003907F7 /* Sources */,
				A50F0F341D658A3D003907F7 /* Frameworks */,
				A50F0F351D658A3D003907F7 /* Resources */,
			);
			buildRules = (
			);
			dependencies = (
				A50F0F391D658A3D003907F7 /* PBXTargetDependency */,
			);
			name = SeeMoneyTests;
			productName = SeeMoneyTests;
			productReference = A50F0F371D658A3D003907F7 /* SeeMoneyTests.xctest */;
			productType = "com.apple.product-type.bundle.unit-test";
		};
		A50F0F411D658A3D003907F7 /* SeeMoneyUITests */ = {
			isa = PBXNativeTarget;
			buildConfigurationList = A50F0F511D658A3D003907F7 /* Build configuration list for PBXNativeTarget "SeeMoneyUITests" */;
			buildPhases = (
				A50F0F3E1D658A3D003907F7 /* Sources */,
				A50F0F3F1D658A3D003907F7 /* Frameworks */,
				A50F0F401D658A3D003907F7 /* Resources */,
			);
			buildRules = (
			);
			dependencies = (
				A50F0F441D658A3D003907F7 /* PBXTargetDependency */,
			);
			name = SeeMoneyUITests;
			productName = SeeMoneyUITests;
			productReference = A50F0F421D658A3D003907F7 /* SeeMoneyUITests.xctest */;
			productType = "com.apple.product-type.bundle.ui-testing";
		};
/* End PBXNativeTarget section */

/* Begin PBXProject section */
		A50F0F1B1D658A3C003907F7 /* Project object */ = {
			isa = PBXProject;
			attributes = {
				LastSwiftUpdateCheck = 0730;
				LastUpgradeCheck = 0730;
				ORGANIZATIONNAME = douglas;
				TargetAttributes = {
					A50F0F221D658A3C003907F7 = {
						CreatedOnToolsVersion = 7.3.1;
						DevelopmentTeam = B6H7GPKGQJ;
						LastSwiftMigration = 0800;
						ProvisioningStyle = Automatic;
						SystemCapabilities = {
							com.apple.BackgroundModes = {
								enabled = 1;
							};
							com.apple.Push = {
								enabled = 1;
							};
						};
					};
					A50F0F361D658A3D003907F7 = {
						CreatedOnToolsVersion = 7.3.1;
						LastSwiftMigration = 0800;
						TestTargetID = A50F0F221D658A3C003907F7;
					};
					A50F0F411D658A3D003907F7 = {
						CreatedOnToolsVersion = 7.3.1;
						LastSwiftMigration = 0800;
						TestTargetID = A50F0F221D658A3C003907F7;
					};
				};
			};
			buildConfigurationList = A50F0F1E1D658A3C003907F7 /* Build configuration list for PBXProject "SeeMoney" */;
			compatibilityVersion = "Xcode 3.2";
			developmentRegion = English;
			hasScannedForEncodings = 0;
			knownRegions = (
				en,
				Base,
			);
			mainGroup = A50F0F1A1D658A3C003907F7;
			productRefGroup = A50F0F241D658A3C003907F7 /* Products */;
			projectDirPath = "";
			projectRoot = "";
			targets = (
				A50F0F221D658A3C003907F7 /* SeeMoney */,
				A50F0F361D658A3D003907F7 /* SeeMoneyTests */,
				A50F0F411D658A3D003907F7 /* SeeMoneyUITests */,
			);
		};
/* End PBXProject section */

/* Begin PBXResourcesBuildPhase section */
		A50F0F211D658A3C003907F7 /* Resources */ = {
			isa = PBXResourcesBuildPhase;
			buildActionMask = 2147483647;
			files = (
				A50F0F311D658A3D003907F7 /* LaunchScreen.storyboard in Resources */,
				A51EE30B1E30C7F0003AEF06 /* README.txt in Resources */,
				A592C3501E127C1F00E75525 /* MyToolOneCollectionViewCell.xib in Resources */,
				A51EE3001E30C7F0003AEF06 /* AlipaySDK.bundle in Resources */,
				A52FB9871E5E864500E9F90A /* ShareSDKUI.bundle in Resources */,
				A52FB9841E5E864500E9F90A /* ShareSDKConfigFile.bundle in Resources */,
				A50F0F2E1D658A3D003907F7 /* Assets.xcassets in Resources */,
				A51EE30D1E30C7F0003AEF06 /* FuqianlaRes.bundle in Resources */,
				A52FB9911E5E864500E9F90A /* TencentOpenApi_IOS_Bundle.bundle in Resources */,
				A513F5451D78268D0001EAE8 /* RedBgView.xib in Resources */,
				A50F0F2C1D658A3D003907F7 /* Main.storyboard in Resources */,
				A52FB9931E5E864500E9F90A /* WeiboSDK.bundle in Resources */,
				A52FB9981E5E864500E9F90A /* ShareSDK.bundle in Resources */,
				A592C34A1E1263C100E75525 /* MyToolCollectionViewCell.xib in Resources */,
				A5630A361D6AEFF300CB95DC /* redbg2.png in Resources */,
			);
			runOnlyForDeploymentPostprocessing = 0;
		};
		A50F0F351D658A3D003907F7 /* Resources */ = {
			isa = PBXResourcesBuildPhase;
			buildActionMask = 2147483647;
			files = (
			);
			runOnlyForDeploymentPostprocessing = 0;
		};
		A50F0F401D658A3D003907F7 /* Resources */ = {
			isa = PBXResourcesBuildPhase;
			buildActionMask = 2147483647;
			files = (
			);
			runOnlyForDeploymentPostprocessing = 0;
		};
/* End PBXResourcesBuildPhase section */

/* Begin PBXShellScriptBuildPhase section */
		3CED66CA364DAEF526B748EF /* [CP] Copy Pods Resources */ = {
			isa = PBXShellScriptBuildPhase;
			buildActionMask = 2147483647;
			files = (
			);
			inputPaths = (
			);
			name = "[CP] Copy Pods Resources";
			outputPaths = (
			);
			runOnlyForDeploymentPostprocessing = 0;
			shellPath = /bin/sh;
			shellScript = "\"${SRCROOT}/Pods/Target Support Files/Pods-SeeMoney/Pods-SeeMoney-resources.sh\"\n";
			showEnvVarsInLog = 0;
		};
		AD60B949F8E868CF2C90B8DB /* [CP] Check Pods Manifest.lock */ = {
			isa = PBXShellScriptBuildPhase;
			buildActionMask = 2147483647;
			files = (
			);
			inputPaths = (
			);
			name = "[CP] Check Pods Manifest.lock";
			outputPaths = (
			);
			runOnlyForDeploymentPostprocessing = 0;
			shellPath = /bin/sh;
			shellScript = "diff \"${PODS_ROOT}/../Podfile.lock\" \"${PODS_ROOT}/Manifest.lock\" > /dev/null\nif [ $? != 0 ] ; then\n    # print error to STDERR\n    echo \"error: The sandbox is not in sync with the Podfile.lock. Run 'pod install' or update your CocoaPods installation.\" >&2\n    exit 1\nfi\n";
			showEnvVarsInLog = 0;
		};
		CE0E1C0E8C9479888413BF42 /* [CP] Embed Pods Frameworks */ = {
			isa = PBXShellScriptBuildPhase;
			buildActionMask = 2147483647;
			files = (
			);
			inputPaths = (
			);
			name = "[CP] Embed Pods Frameworks";
			outputPaths = (
			);
			runOnlyForDeploymentPostprocessing = 0;
			shellPath = /bin/sh;
			shellScript = "\"${SRCROOT}/Pods/Target Support Files/Pods-SeeMoney/Pods-SeeMoney-frameworks.sh\"\n";
			showEnvVarsInLog = 0;
		};
/* End PBXShellScriptBuildPhase section */

/* Begin PBXSourcesBuildPhase section */
		A50F0F1F1D658A3C003907F7 /* Sources */ = {
			isa = PBXSourcesBuildPhase;
			buildActionMask = 2147483647;
			files = (
				A50F0F661D6593C0003907F7 /* Commenddefine.swift in Sources */,
				A59BFC761E09397F00FC39D5 /* DXNewSlideViewController.swift in Sources */,
				A51C199A1E0BC44D001AE174 /* SlideBtn.swift in Sources */,
				A542DCDA1D67007B00AFE9C1 /* DXHelper.swift in Sources */,
				A513F5431D7824140001EAE8 /* RedBgView.swift in Sources */,
				A5827B0D1D6C2C3000693921 /* DXSlideViewController.swift in Sources */,
				A542DCD31D66FE7800AFE9C1 /* redbagModel.swift in Sources */,
				A51B96971DE5453A006E57FC /* ToolManager.swift in Sources */,
				A542DCEE1D67010F00AFE9C1 /* MoneyViewController.swift in Sources */,
				A50E68321D76C1D700891625 /* OpenRedBagViewController.swift in Sources */,
				A50E682F1D76AF8000891625 /* SMError.swift in Sources */,
				A52BC20C1E5D7006008B5631 /* PickInfoModel.swift in Sources */,
				A56388EC1D66B7630008A8C2 /* DxDeveiceCommon.swift in Sources */,
				A570A17A1E11094E00D0FDCE /* MyToolViewController.swift in Sources */,
				A570A1821E1109BA00D0FDCE /* SendRedBagViewController.swift in Sources */,
				A59F10E01DC051B60023832D /* NotManager.m in Sources */,
				A542DCEA1D6700F500AFE9C1 /* SlideViewController.swift in Sources */,
				A50E68351D76C1F000891625 /* RedBagDetailViewController.swift in Sources */,
				A571FED61E49B47800750AFF /* DXRadarView.swift in Sources */,
				A50E68371D76C59D00891625 /* RedBagHeaderView.swift in Sources */,
				A5891D271E309BE3008B7858 /* PayWayTableViewCell.swift in Sources */,
				A542DCEC1D67010500AFE9C1 /* SettingViewController.swift in Sources */,
				A592C34F1E127C1F00E75525 /* MyToolOneCollectionViewCell.swift in Sources */,
				A50F0F291D658A3D003907F7 /* ViewController.swift in Sources */,
				A5827B111D6C497900693921 /* UserManager.swift in Sources */,
				A50288931D6D54690086CD80 /* LoginViewController.swift in Sources */,
				A542DCD61D66FE9800AFE9C1 /* RedBagManager.swift in Sources */,
				A542DCE31D67009400AFE9C1 /* UIActionSheet+Block.m in Sources */,
				A5EB9CA51E2C7A9400269344 /* BagNumTableViewCell.swift in Sources */,
				A5199DDC1DE696CD002DE684 /* ToolListViewController.swift in Sources */,
				A542DCE41D67009400AFE9C1 /* UIAlertView+Block.m in Sources */,
				A50288951D6D54740086CD80 /* RegisterViewController.swift in Sources */,
				A52457821E34967400A449E9 /* FuqianlaPay+scheme.m in Sources */,
				A50288971D6D80E20086CD80 /* DXNavgationBar.swift in Sources */,
				A531A5901E35FED500DEE7EE /* ChongZhiViewController.swift in Sources */,
				A5EB9CA71E2C7AA300269344 /* BagDesTableViewCell.swift in Sources */,
				A50F0FAD1D65ABD0003907F7 /* DXNetWorkTool.swift in Sources */,
				A542DCE51D67009400AFE9C1 /* DMAlertAction.m in Sources */,
				A592C34C1E12657600E75525 /* MyToolCollectionViewCell.swift in Sources */,
				A51B96951DE5451A006E57FC /* ToolModel.swift in Sources */,
				A56388EE1D66DF290008A8C2 /* MapManager.swift in Sources */,
				A520FE741E2E2C120043069A /* BuyTableViewCell.swift in Sources */,
				A5827B0F1D6C3F6900693921 /* MainNavViewController.swift in Sources */,
				A50F0F271D658A3D003907F7 /* AppDelegate.swift in Sources */,
				A5EB9CA91E2C7ABD00269344 /* BagWayTableViewCell.swift in Sources */,
				A5891D251E309B77008B7858 /* PayMoneyViewController.swift in Sources */,
				A5EB9CA31E2C66CF00269344 /* SendBagTableViewController.swift in Sources */,
				A50F0F641D65912D003907F7 /* RemoteSever.swift in Sources */,
				A570A17D1E11096D00D0FDCE /* AboutViewController.swift in Sources */,
				A51EE31F1E30C8D0003AEF06 /* PayManager.swift in Sources */,
				A50F0F6C1D659697003907F7 /* MainMapViewController.swift in Sources */,
				A520FE721E2DEF860043069A /* UILabel+ZYTool.m in Sources */,
				A542DCD81D66FED400AFE9C1 /* UserModel.swift in Sources */,
			);
			runOnlyForDeploymentPostprocessing = 0;
		};
		A50F0F331D658A3D003907F7 /* Sources */ = {
			isa = PBXSourcesBuildPhase;
			buildActionMask = 2147483647;
			files = (
				A50F0F3C1D658A3D003907F7 /* SeeMoneyTests.swift in Sources */,
			);
			runOnlyForDeploymentPostprocessing = 0;
		};
		A50F0F3E1D658A3D003907F7 /* Sources */ = {
			isa = PBXSourcesBuildPhase;
			buildActionMask = 2147483647;
			files = (
				A50F0F471D658A3D003907F7 /* SeeMoneyUITests.swift in Sources */,
			);
			runOnlyForDeploymentPostprocessing = 0;
		};
/* End PBXSourcesBuildPhase section */

/* Begin PBXTargetDependency section */
		A50F0F391D658A3D003907F7 /* PBXTargetDependency */ = {
			isa = PBXTargetDependency;
			target = A50F0F221D658A3C003907F7 /* SeeMoney */;
			targetProxy = A50F0F381D658A3D003907F7 /* PBXContainerItemProxy */;
		};
		A50F0F441D658A3D003907F7 /* PBXTargetDependency */ = {
			isa = PBXTargetDependency;
			target = A50F0F221D658A3C003907F7 /* SeeMoney */;
			targetProxy = A50F0F431D658A3D003907F7 /* PBXContainerItemProxy */;
		};
/* End PBXTargetDependency section */

/* Begin PBXVariantGroup section */
		A50F0F2A1D658A3D003907F7 /* Main.storyboard */ = {
			isa = PBXVariantGroup;
			children = (
				A50F0F2B1D658A3D003907F7 /* Base */,
			);
			name = Main.storyboard;
			sourceTree = "<group>";
		};
		A50F0F2F1D658A3D003907F7 /* LaunchScreen.storyboard */ = {
			isa = PBXVariantGroup;
			children = (
				A50F0F301D658A3D003907F7 /* Base */,
			);
			name = LaunchScreen.storyboard;
			sourceTree = "<group>";
		};
/* End PBXVariantGroup section */

/* Begin XCBuildConfiguration section */
		A50F0F491D658A3D003907F7 /* Debug */ = {
			isa = XCBuildConfiguration;
			buildSettings = {
				ALWAYS_SEARCH_USER_PATHS = NO;
				CLANG_ANALYZER_NONNULL = YES;
				CLANG_CXX_LANGUAGE_STANDARD = "gnu++0x";
				CLANG_CXX_LIBRARY = "libc++";
				CLANG_ENABLE_MODULES = YES;
				CLANG_ENABLE_OBJC_ARC = YES;
				CLANG_WARN_BOOL_CONVERSION = YES;
				CLANG_WARN_CONSTANT_CONVERSION = YES;
				CLANG_WARN_DIRECT_OBJC_ISA_USAGE = YES_ERROR;
				CLANG_WARN_EMPTY_BODY = YES;
				CLANG_WARN_ENUM_CONVERSION = YES;
				CLANG_WARN_INT_CONVERSION = YES;
				CLANG_WARN_OBJC_ROOT_CLASS = YES_ERROR;
				CLANG_WARN_UNREACHABLE_CODE = YES;
				CLANG_WARN__DUPLICATE_METHOD_MATCH = YES;
				"CODE_SIGN_IDENTITY[sdk=iphoneos*]" = "iPhone Developer";
				COPY_PHASE_STRIP = NO;
				DEBUG_INFORMATION_FORMAT = dwarf;
				ENABLE_STRICT_OBJC_MSGSEND = YES;
				ENABLE_TESTABILITY = YES;
				GCC_C_LANGUAGE_STANDARD = gnu99;
				GCC_DYNAMIC_NO_PIC = NO;
				GCC_NO_COMMON_BLOCKS = YES;
				GCC_OPTIMIZATION_LEVEL = 0;
				GCC_PREPROCESSOR_DEFINITIONS = (
					"DEBUG=1",
					"$(inherited)",
				);
				GCC_WARN_64_TO_32_BIT_CONVERSION = YES;
				GCC_WARN_ABOUT_RETURN_TYPE = YES_ERROR;
				GCC_WARN_UNDECLARED_SELECTOR = YES;
				GCC_WARN_UNINITIALIZED_AUTOS = YES_AGGRESSIVE;
				GCC_WARN_UNUSED_FUNCTION = YES;
				GCC_WARN_UNUSED_VARIABLE = YES;
				IPHONEOS_DEPLOYMENT_TARGET = 9.3;
				MTL_ENABLE_DEBUG_INFO = YES;
				ONLY_ACTIVE_ARCH = YES;
				SDKROOT = iphoneos;
				SWIFT_OPTIMIZATION_LEVEL = "-Onone";
				TARGETED_DEVICE_FAMILY = "1,2";
			};
			name = Debug;
		};
		A50F0F4A1D658A3D003907F7 /* Release */ = {
			isa = XCBuildConfiguration;
			buildSettings = {
				ALWAYS_SEARCH_USER_PATHS = NO;
				CLANG_ANALYZER_NONNULL = YES;
				CLANG_CXX_LANGUAGE_STANDARD = "gnu++0x";
				CLANG_CXX_LIBRARY = "libc++";
				CLANG_ENABLE_MODULES = YES;
				CLANG_ENABLE_OBJC_ARC = YES;
				CLANG_WARN_BOOL_CONVERSION = YES;
				CLANG_WARN_CONSTANT_CONVERSION = YES;
				CLANG_WARN_DIRECT_OBJC_ISA_USAGE = YES_ERROR;
				CLANG_WARN_EMPTY_BODY = YES;
				CLANG_WARN_ENUM_CONVERSION = YES;
				CLANG_WARN_INT_CONVERSION = YES;
				CLANG_WARN_OBJC_ROOT_CLASS = YES_ERROR;
				CLANG_WARN_UNREACHABLE_CODE = YES;
				CLANG_WARN__DUPLICATE_METHOD_MATCH = YES;
				"CODE_SIGN_IDENTITY[sdk=iphoneos*]" = "iPhone Developer";
				COPY_PHASE_STRIP = NO;
				DEBUG_INFORMATION_FORMAT = "dwarf-with-dsym";
				ENABLE_NS_ASSERTIONS = NO;
				ENABLE_STRICT_OBJC_MSGSEND = YES;
				GCC_C_LANGUAGE_STANDARD = gnu99;
				GCC_NO_COMMON_BLOCKS = YES;
				GCC_WARN_64_TO_32_BIT_CONVERSION = YES;
				GCC_WARN_ABOUT_RETURN_TYPE = YES_ERROR;
				GCC_WARN_UNDECLARED_SELECTOR = YES;
				GCC_WARN_UNINITIALIZED_AUTOS = YES_AGGRESSIVE;
				GCC_WARN_UNUSED_FUNCTION = YES;
				GCC_WARN_UNUSED_VARIABLE = YES;
				IPHONEOS_DEPLOYMENT_TARGET = 9.3;
				MTL_ENABLE_DEBUG_INFO = NO;
				SDKROOT = iphoneos;
				TARGETED_DEVICE_FAMILY = "1,2";
				VALIDATE_PRODUCT = YES;
			};
			name = Release;
		};
		A50F0F4C1D658A3D003907F7 /* Debug */ = {
			isa = XCBuildConfiguration;
			baseConfigurationReference = 41DD9A03920379887970A1E2 /* Pods-SeeMoney.debug.xcconfig */;
			buildSettings = {
				ASSETCATALOG_COMPILER_APPICON_NAME = AppIcon;
				CODE_SIGN_ENTITLEMENTS = SeeMoney/SeeMoney.entitlements;
				CODE_SIGN_IDENTITY = "iPhone Distribution: DEWMOBILE USA INC.";
				"CODE_SIGN_IDENTITY[sdk=iphoneos*]" = "iPhone Developer";
				DEVELOPMENT_TEAM = "";
				FRAMEWORK_SEARCH_PATHS = (
					"$(inherited)",
					"$(PROJECT_DIR)/SeeMoney/Utility/Libs/fuqianla/Channels/AlipaySDK",
					"$(PROJECT_DIR)/SeeMoney/Utility/ShareSDK",
					"$(PROJECT_DIR)/SeeMoney/Utility/ShareSDK/Support/Optional",
					"$(PROJECT_DIR)/SeeMoney/Utility/ShareSDK/Support/PlatformConnector",
					"$(PROJECT_DIR)/SeeMoney/Utility/ShareSDK/Support/PlatformSDK/QQSDK",
					"$(PROJECT_DIR)/SeeMoney/Utility/ShareSDK/Support/Required",
				);
				INFOPLIST_FILE = SeeMoney/Info.plist;
				IPHONEOS_DEPLOYMENT_TARGET = 9.0;
				LD_RUNPATH_SEARCH_PATHS = "$(inherited) @executable_path/Frameworks";
				LIBRARY_SEARCH_PATHS = (
					"$(inherited)",
					"$(PROJECT_DIR)/SeeMoney/Utility/Libs/Lib",
					"$(PROJECT_DIR)/SeeMoney/Utility/Libs/fuqianla/Channels/AlipaySDK",
					"$(PROJECT_DIR)/SeeMoney/Utility/Libs/fuqianla/Channels/ApplePay",
					"$(PROJECT_DIR)/SeeMoney/Utility/Libs/fuqianla/Channels/FenQi",
					"$(PROJECT_DIR)/SeeMoney/Utility/Libs/fuqianla/Channels/JDPay",
					"$(PROJECT_DIR)/SeeMoney/Utility/Libs/fuqianla/Channels/UPPayment/libs",
					"$(PROJECT_DIR)/SeeMoney/Utility/Libs/fuqianla/Channels/UPPayment",
					"$(PROJECT_DIR)/SeeMoney/Utility/Libs/fuqianla/Channels/wxSDK",
					"$(PROJECT_DIR)/SeeMoney/Utility/Libs/fuqianla/Channels/YiBaoPay",
					"$(PROJECT_DIR)/SeeMoney/Utility/Libs/fuqianla/fqlLibs",
					"$(PROJECT_DIR)/SeeMoney/Utility/Libs/fuqianla/support",
					"$(PROJECT_DIR)/SeeMoney/Utility/ShareSDK/Support/PlatformSDK/SinaWeiboSDK",
					"$(PROJECT_DIR)/SeeMoney/Utility/ShareSDK/Support/PlatformSDK/WeChatSDK",
				);
				OTHER_LDFLAGS = "-ObjC";
				PRODUCT_BUNDLE_IDENTIFIER = com.douglas.seemoney;
				PRODUCT_NAME = "$(TARGET_NAME)";
				PROVISIONING_PROFILE = "";
				PROVISIONING_PROFILE_SPECIFIER = "";
				SWIFT_OBJC_BRIDGING_HEADER = "SeeMoney/Utility/Libs/Bridging-Header.h";
				SWIFT_VERSION = 3.0;
			};
			name = Debug;
		};
		A50F0F4D1D658A3D003907F7 /* Release */ = {
			isa = XCBuildConfiguration;
			baseConfigurationReference = C2C54D77B21C367F8445FBE6 /* Pods-SeeMoney.release.xcconfig */;
			buildSettings = {
				ASSETCATALOG_COMPILER_APPICON_NAME = AppIcon;
				CODE_SIGN_ENTITLEMENTS = SeeMoney/SeeMoney.entitlements;
				CODE_SIGN_IDENTITY = "iPhone Distribution: DEWMOBILE USA INC.";
				"CODE_SIGN_IDENTITY[sdk=iphoneos*]" = "iPhone Developer";
				DEVELOPMENT_TEAM = "";
				FRAMEWORK_SEARCH_PATHS = (
					"$(inherited)",
					"$(PROJECT_DIR)/SeeMoney/Utility/Libs/fuqianla/Channels/AlipaySDK",
					"$(PROJECT_DIR)/SeeMoney/Utility/ShareSDK",
					"$(PROJECT_DIR)/SeeMoney/Utility/ShareSDK/Support/Optional",
					"$(PROJECT_DIR)/SeeMoney/Utility/ShareSDK/Support/PlatformConnector",
					"$(PROJECT_DIR)/SeeMoney/Utility/ShareSDK/Support/PlatformSDK/QQSDK",
					"$(PROJECT_DIR)/SeeMoney/Utility/ShareSDK/Support/Required",
				);
				INFOPLIST_FILE = SeeMoney/Info.plist;
				IPHONEOS_DEPLOYMENT_TARGET = 9.0;
				LD_RUNPATH_SEARCH_PATHS = "$(inherited) @executable_path/Frameworks";
				LIBRARY_SEARCH_PATHS = (
					"$(inherited)",
					"$(PROJECT_DIR)/SeeMoney/Utility/Libs/Lib",
					"$(PROJECT_DIR)/SeeMoney/Utility/Libs/fuqianla/Channels/AlipaySDK",
					"$(PROJECT_DIR)/SeeMoney/Utility/Libs/fuqianla/Channels/ApplePay",
					"$(PROJECT_DIR)/SeeMoney/Utility/Libs/fuqianla/Channels/FenQi",
					"$(PROJECT_DIR)/SeeMoney/Utility/Libs/fuqianla/Channels/JDPay",
					"$(PROJECT_DIR)/SeeMoney/Utility/Libs/fuqianla/Channels/UPPayment/libs",
					"$(PROJECT_DIR)/SeeMoney/Utility/Libs/fuqianla/Channels/UPPayment",
					"$(PROJECT_DIR)/SeeMoney/Utility/Libs/fuqianla/Channels/wxSDK",
					"$(PROJECT_DIR)/SeeMoney/Utility/Libs/fuqianla/Channels/YiBaoPay",
					"$(PROJECT_DIR)/SeeMoney/Utility/Libs/fuqianla/fqlLibs",
					"$(PROJECT_DIR)/SeeMoney/Utility/Libs/fuqianla/support",
					"$(PROJECT_DIR)/SeeMoney/Utility/ShareSDK/Support/PlatformSDK/SinaWeiboSDK",
					"$(PROJECT_DIR)/SeeMoney/Utility/ShareSDK/Support/PlatformSDK/WeChatSDK",
				);
				OTHER_LDFLAGS = "-ObjC";
				PRODUCT_BUNDLE_IDENTIFIER = com.douglas.seemoney;
				PRODUCT_NAME = "$(TARGET_NAME)";
				PROVISIONING_PROFILE = "";
				PROVISIONING_PROFILE_SPECIFIER = "";
				SWIFT_OBJC_BRIDGING_HEADER = "SeeMoney/Utility/Libs/Bridging-Header.h";
				SWIFT_VERSION = 3.0;
			};
			name = Release;
		};
		A50F0F4F1D658A3D003907F7 /* Debug */ = {
			isa = XCBuildConfiguration;
			buildSettings = {
				BUNDLE_LOADER = "$(TEST_HOST)";
				INFOPLIST_FILE = SeeMoneyTests/Info.plist;
				LD_RUNPATH_SEARCH_PATHS = "$(inherited) @executable_path/Frameworks @loader_path/Frameworks";
				PRODUCT_BUNDLE_IDENTIFIER = com.douglas.test.SeeMoneyTests;
				PRODUCT_NAME = "$(TARGET_NAME)";
				SWIFT_VERSION = 3.0;
				TEST_HOST = "$(BUILT_PRODUCTS_DIR)/SeeMoney.app/SeeMoney";
			};
			name = Debug;
		};
		A50F0F501D658A3D003907F7 /* Release */ = {
			isa = XCBuildConfiguration;
			buildSettings = {
				BUNDLE_LOADER = "$(TEST_HOST)";
				INFOPLIST_FILE = SeeMoneyTests/Info.plist;
				LD_RUNPATH_SEARCH_PATHS = "$(inherited) @executable_path/Frameworks @loader_path/Frameworks";
				PRODUCT_BUNDLE_IDENTIFIER = com.douglas.test.SeeMoneyTests;
				PRODUCT_NAME = "$(TARGET_NAME)";
				SWIFT_VERSION = 3.0;
				TEST_HOST = "$(BUILT_PRODUCTS_DIR)/SeeMoney.app/SeeMoney";
			};
			name = Release;
		};
		A50F0F521D658A3D003907F7 /* Debug */ = {
			isa = XCBuildConfiguration;
			buildSettings = {
				INFOPLIST_FILE = SeeMoneyUITests/Info.plist;
				LD_RUNPATH_SEARCH_PATHS = "$(inherited) @executable_path/Frameworks @loader_path/Frameworks";
				PRODUCT_BUNDLE_IDENTIFIER = com.douglas.test.SeeMoneyUITests;
				PRODUCT_NAME = "$(TARGET_NAME)";
				SWIFT_VERSION = 3.0;
				TEST_TARGET_NAME = SeeMoney;
			};
			name = Debug;
		};
		A50F0F531D658A3D003907F7 /* Release */ = {
			isa = XCBuildConfiguration;
			buildSettings = {
				INFOPLIST_FILE = SeeMoneyUITests/Info.plist;
				LD_RUNPATH_SEARCH_PATHS = "$(inherited) @executable_path/Frameworks @loader_path/Frameworks";
				PRODUCT_BUNDLE_IDENTIFIER = com.douglas.test.SeeMoneyUITests;
				PRODUCT_NAME = "$(TARGET_NAME)";
				SWIFT_VERSION = 3.0;
				TEST_TARGET_NAME = SeeMoney;
			};
			name = Release;
		};
/* End XCBuildConfiguration section */

/* Begin XCConfigurationList section */
		A50F0F1E1D658A3C003907F7 /* Build configuration list for PBXProject "SeeMoney" */ = {
			isa = XCConfigurationList;
			buildConfigurations = (
				A50F0F491D658A3D003907F7 /* Debug */,
				A50F0F4A1D658A3D003907F7 /* Release */,
			);
			defaultConfigurationIsVisible = 0;
			defaultConfigurationName = Release;
		};
		A50F0F4B1D658A3D003907F7 /* Build configuration list for PBXNativeTarget "SeeMoney" */ = {
			isa = XCConfigurationList;
			buildConfigurations = (
				A50F0F4C1D658A3D003907F7 /* Debug */,
				A50F0F4D1D658A3D003907F7 /* Release */,
			);
			defaultConfigurationIsVisible = 0;
			defaultConfigurationName = Release;
		};
		A50F0F4E1D658A3D003907F7 /* Build configuration list for PBXNativeTarget "SeeMoneyTests" */ = {
			isa = XCConfigurationList;
			buildConfigurations = (
				A50F0F4F1D658A3D003907F7 /* Debug */,
				A50F0F501D658A3D003907F7 /* Release */,
			);
			defaultConfigurationIsVisible = 0;
			defaultConfigurationName = Release;
		};
		A50F0F511D658A3D003907F7 /* Build configuration list for PBXNativeTarget "SeeMoneyUITests" */ = {
			isa = XCConfigurationList;
			buildConfigurations = (
				A50F0F521D658A3D003907F7 /* Debug */,
				A50F0F531D658A3D003907F7 /* Release */,
			);
			defaultConfigurationIsVisible = 0;
			defaultConfigurationName = Release;
		};
/* End XCConfigurationList section */
	};
	rootObject = A50F0F1B1D658A3C003907F7 /* Project object */;
}
